// !$*UTF8*$!
{
	archiveVersion = 1;
	classes = {
	};
	objectVersion = 55;
	objects = {

/* Begin PBXBuildFile section */
		EA36DD7A283CBA190050D571 /* UIView+Shadow.swift in Sources */ = {isa = PBXBuildFile; fileRef = EA36DD79283CBA190050D571 /* UIView+Shadow.swift */; };
		EA36DD7C283CE8CB0050D571 /* InsetLabel.swift in Sources */ = {isa = PBXBuildFile; fileRef = EA36DD7B283CE8CB0050D571 /* InsetLabel.swift */; };
		EA36DD81283CF0530050D571 /* EventView.swift in Sources */ = {isa = PBXBuildFile; fileRef = EA36DD80283CF0530050D571 /* EventView.swift */; };
		EA36DD83283CF0690050D571 /* EventView.xib in Resources */ = {isa = PBXBuildFile; fileRef = EA36DD82283CF0690050D571 /* EventView.xib */; };
		EA36DD85283CFF610050D571 /* UpcomingEventViewTableViewCell.swift in Sources */ = {isa = PBXBuildFile; fileRef = EA36DD84283CFF610050D571 /* UpcomingEventViewTableViewCell.swift */; };
		EA36DD90283D17760050D571 /* ExpiredListTableCellTableViewCell.swift in Sources */ = {isa = PBXBuildFile; fileRef = EA36DD8F283D17760050D571 /* ExpiredListTableCellTableViewCell.swift */; };
		EA36DD93283D236E0050D571 /* ExpiredEventViewCell.swift in Sources */ = {isa = PBXBuildFile; fileRef = EA36DD91283D236E0050D571 /* ExpiredEventViewCell.swift */; };
		EA36DD94283D236E0050D571 /* ExpiredEventViewCell.xib in Resources */ = {isa = PBXBuildFile; fileRef = EA36DD92283D236E0050D571 /* ExpiredEventViewCell.xib */; };
		EA36DD98283D2C8E0050D571 /* ActionCell.swift in Sources */ = {isa = PBXBuildFile; fileRef = EA36DD96283D2C8E0050D571 /* ActionCell.swift */; };
		EA36DD99283D2C8E0050D571 /* ActionCell.xib in Resources */ = {isa = PBXBuildFile; fileRef = EA36DD97283D2C8E0050D571 /* ActionCell.xib */; };
		EA36DD9E283D4B460050D571 /* DetailsViewModel.swift in Sources */ = {isa = PBXBuildFile; fileRef = EA36DD9D283D4B460050D571 /* DetailsViewModel.swift */; };
		EA36DD9F283D4B460050D571 /* DetailsViewModel.swift in Sources */ = {isa = PBXBuildFile; fileRef = EA36DD9D283D4B460050D571 /* DetailsViewModel.swift */; };
		EA36DDA1283D4C300050D571 /* EventPresentationModel.swift in Sources */ = {isa = PBXBuildFile; fileRef = EA36DDA0283D4C300050D571 /* EventPresentationModel.swift */; };
		EA36DDA2283D4C300050D571 /* EventPresentationModel.swift in Sources */ = {isa = PBXBuildFile; fileRef = EA36DDA0283D4C300050D571 /* EventPresentationModel.swift */; };
		EA36DDA4283D50970050D571 /* DetailViewController.swift in Sources */ = {isa = PBXBuildFile; fileRef = EA36DDA3283D50970050D571 /* DetailViewController.swift */; };
		EA36DDA5283D50970050D571 /* DetailViewController.swift in Sources */ = {isa = PBXBuildFile; fileRef = EA36DDA3283D50970050D571 /* DetailViewController.swift */; };
		EA36DDA8283D65980050D571 /* TitleCell.swift in Sources */ = {isa = PBXBuildFile; fileRef = EA36DDA7283D65980050D571 /* TitleCell.swift */; };
		EA36DDAA283D65AC0050D571 /* EventDescriptionCell.swift in Sources */ = {isa = PBXBuildFile; fileRef = EA36DDA9283D65AC0050D571 /* EventDescriptionCell.swift */; };
		EA36DDAC283D65D50050D571 /* EventDetailCell.swift in Sources */ = {isa = PBXBuildFile; fileRef = EA36DDAB283D65D50050D571 /* EventDetailCell.swift */; };
		EA3EB3EA283DFF6D004D0890 /* AdminViewController.swift in Sources */ = {isa = PBXBuildFile; fileRef = EA3EB3E9283DFF6D004D0890 /* AdminViewController.swift */; };
		EA3EB3ED283E0AC8004D0890 /* AdminEventCell.swift in Sources */ = {isa = PBXBuildFile; fileRef = EA3EB3EC283E0AC8004D0890 /* AdminEventCell.swift */; };
		EA3EB3EF283E0ADB004D0890 /* ActionButtonsCell.swift in Sources */ = {isa = PBXBuildFile; fileRef = EA3EB3EE283E0ADB004D0890 /* ActionButtonsCell.swift */; };
		EA3EB3F1283E0B12004D0890 /* FilterByCell.swift in Sources */ = {isa = PBXBuildFile; fileRef = EA3EB3F0283E0B12004D0890 /* FilterByCell.swift */; };
		EA3EB3F3283E1577004D0890 /* AdminCellType.swift in Sources */ = {isa = PBXBuildFile; fileRef = EA3EB3F2283E1577004D0890 /* AdminCellType.swift */; };
		EA3EB3F5283E4980004D0890 /* UIController+CustomBackButton.swift in Sources */ = {isa = PBXBuildFile; fileRef = EA3EB3F4283E4980004D0890 /* UIController+CustomBackButton.swift */; };
		EA3EB3F8283E5F41004D0890 /* EditEventViewController.swift in Sources */ = {isa = PBXBuildFile; fileRef = EA3EB3F7283E5F41004D0890 /* EditEventViewController.swift */; };
		EA4021DE283F5C7200FEAF55 /* Date+Tomorrow.swift in Sources */ = {isa = PBXBuildFile; fileRef = EA4021DD283F5C7200FEAF55 /* Date+Tomorrow.swift */; };
		EA4021EB283F7DD900FEAF55 /* CoreDataTests.swift in Sources */ = {isa = PBXBuildFile; fileRef = EA4021E3283F7DD900FEAF55 /* CoreDataTests.swift */; };
		EA4021EC283F7DD900FEAF55 /* PersistenceTest.swift in Sources */ = {isa = PBXBuildFile; fileRef = EA4021E4283F7DD900FEAF55 /* PersistenceTest.swift */; };
		EA4021ED283F7DD900FEAF55 /* EventsRequestMock.swift in Sources */ = {isa = PBXBuildFile; fileRef = EA4021E7283F7DD900FEAF55 /* EventsRequestMock.swift */; };
		EA4021EE283F7DD900FEAF55 /* TestEventFetcherMock.swift in Sources */ = {isa = PBXBuildFile; fileRef = EA4021E8283F7DD900FEAF55 /* TestEventFetcherMock.swift */; };
		EA4021EF283F7DD900FEAF55 /* ApiManagerMock.swift in Sources */ = {isa = PBXBuildFile; fileRef = EA4021E9283F7DD900FEAF55 /* ApiManagerMock.swift */; };
		EA4021F0283F7DD900FEAF55 /* RequestManagerTests.swift in Sources */ = {isa = PBXBuildFile; fileRef = EA4021EA283F7DD900FEAF55 /* RequestManagerTests.swift */; };
		EA4021F1283F7E4C00FEAF55 /* Tickets.xcdatamodeld in Sources */ = {isa = PBXBuildFile; fileRef = EA46FC04283BD13D00536502 /* Tickets.xcdatamodeld */; };
		EA4021F2283F7E4E00FEAF55 /* Tickets.xcdatamodeld in Sources */ = {isa = PBXBuildFile; fileRef = EA46FC04283BD13D00536502 /* Tickets.xcdatamodeld */; };
		EA4021F3283F7E9000FEAF55 /* FontUtils.swift in Sources */ = {isa = PBXBuildFile; fileRef = EA46FC38283BD34100536502 /* FontUtils.swift */; };
		EA4021F4283F7E9100FEAF55 /* FontUtils.swift in Sources */ = {isa = PBXBuildFile; fileRef = EA46FC38283BD34100536502 /* FontUtils.swift */; };
		EA4021F5283F7E9C00FEAF55 /* TitleCell.swift in Sources */ = {isa = PBXBuildFile; fileRef = EA36DDA7283D65980050D571 /* TitleCell.swift */; };
		EA4021F6283F7E9C00FEAF55 /* TitleCell.swift in Sources */ = {isa = PBXBuildFile; fileRef = EA36DDA7283D65980050D571 /* TitleCell.swift */; };
		EA4021F7283F7EA500FEAF55 /* EventDescriptionCell.swift in Sources */ = {isa = PBXBuildFile; fileRef = EA36DDA9283D65AC0050D571 /* EventDescriptionCell.swift */; };
		EA4021F8283F7EA600FEAF55 /* EventDescriptionCell.swift in Sources */ = {isa = PBXBuildFile; fileRef = EA36DDA9283D65AC0050D571 /* EventDescriptionCell.swift */; };
		EA4021F9283F7EAD00FEAF55 /* EventDetailCell.swift in Sources */ = {isa = PBXBuildFile; fileRef = EA36DDAB283D65D50050D571 /* EventDetailCell.swift */; };
		EA4021FA283F7EAE00FEAF55 /* EventDetailCell.swift in Sources */ = {isa = PBXBuildFile; fileRef = EA36DDAB283D65D50050D571 /* EventDetailCell.swift */; };
		EA4021FB283F7ED100FEAF55 /* UIController+CustomBackButton.swift in Sources */ = {isa = PBXBuildFile; fileRef = EA3EB3F4283E4980004D0890 /* UIController+CustomBackButton.swift */; };
		EA4021FC283F7ED100FEAF55 /* UIController+CustomBackButton.swift in Sources */ = {isa = PBXBuildFile; fileRef = EA3EB3F4283E4980004D0890 /* UIController+CustomBackButton.swift */; };
		EA4021FE283F7F7700FEAF55 /* Concerts.json in Resources */ = {isa = PBXBuildFile; fileRef = EA4021FD283F7F7700FEAF55 /* Concerts.json */; };
		EA402201283F7FE600FEAF55 /* HomeViewModelTests.swift in Sources */ = {isa = PBXBuildFile; fileRef = EA402200283F7FE600FEAF55 /* HomeViewModelTests.swift */; };
		EA402204283F802400FEAF55 /* AdminViewModelTests.swift in Sources */ = {isa = PBXBuildFile; fileRef = EA402203283F802400FEAF55 /* AdminViewModelTests.swift */; };
		EA402205283F861C00FEAF55 /* UIView+Shadow.swift in Sources */ = {isa = PBXBuildFile; fileRef = EA36DD79283CBA190050D571 /* UIView+Shadow.swift */; };
		EA40220B283F883A00FEAF55 /* TestEditViewModel.swift in Sources */ = {isa = PBXBuildFile; fileRef = EA40220A283F883A00FEAF55 /* TestEditViewModel.swift */; };
		EA46FBFC283BD13D00536502 /* AppDelegate.swift in Sources */ = {isa = PBXBuildFile; fileRef = EA46FBFB283BD13D00536502 /* AppDelegate.swift */; };
		EA46FBFE283BD13D00536502 /* SceneDelegate.swift in Sources */ = {isa = PBXBuildFile; fileRef = EA46FBFD283BD13D00536502 /* SceneDelegate.swift */; };
		EA46FC00283BD13D00536502 /* ViewController.swift in Sources */ = {isa = PBXBuildFile; fileRef = EA46FBFF283BD13D00536502 /* ViewController.swift */; };
		EA46FC03283BD13D00536502 /* Main.storyboard in Resources */ = {isa = PBXBuildFile; fileRef = EA46FC01283BD13D00536502 /* Main.storyboard */; };
		EA46FC06283BD13D00536502 /* Tickets.xcdatamodeld in Sources */ = {isa = PBXBuildFile; fileRef = EA46FC04283BD13D00536502 /* Tickets.xcdatamodeld */; };
		EA46FC08283BD13D00536502 /* Assets.xcassets in Resources */ = {isa = PBXBuildFile; fileRef = EA46FC07283BD13D00536502 /* Assets.xcassets */; };
		EA46FC0B283BD13D00536502 /* LaunchScreen.storyboard in Resources */ = {isa = PBXBuildFile; fileRef = EA46FC09283BD13D00536502 /* LaunchScreen.storyboard */; };
		EA46FC16283BD13E00536502 /* TicketsUiKitTests.swift in Sources */ = {isa = PBXBuildFile; fileRef = EA46FC15283BD13E00536502 /* TicketsUiKitTests.swift */; };
		EA46FC20283BD13E00536502 /* TicketsUiKitUITests.swift in Sources */ = {isa = PBXBuildFile; fileRef = EA46FC1F283BD13E00536502 /* TicketsUiKitUITests.swift */; };
		EA46FC22283BD13E00536502 /* TicketsUiKitUITestsLaunchTests.swift in Sources */ = {isa = PBXBuildFile; fileRef = EA46FC21283BD13E00536502 /* TicketsUiKitUITestsLaunchTests.swift */; };
		EA46FC30283BD27200536502 /* ObjectMapper in Frameworks */ = {isa = PBXBuildFile; productRef = EA46FC2F283BD27200536502 /* ObjectMapper */; };
		EA46FC33283BD2A200536502 /* Alamofire in Frameworks */ = {isa = PBXBuildFile; productRef = EA46FC32283BD2A200536502 /* Alamofire */; };
		EA46FC36283BD2C700536502 /* SDWebImageSwiftUI in Frameworks */ = {isa = PBXBuildFile; productRef = EA46FC35283BD2C700536502 /* SDWebImageSwiftUI */; };
		EA46FC3C283BD34100536502 /* FontUtils.swift in Sources */ = {isa = PBXBuildFile; fileRef = EA46FC38283BD34100536502 /* FontUtils.swift */; };
		EA46FC3D283BD34100536502 /* Montserrat-Bold.ttf in Resources */ = {isa = PBXBuildFile; fileRef = EA46FC3A283BD34100536502 /* Montserrat-Bold.ttf */; };
		EA46FC3E283BD34100536502 /* Montserrat-Regular.ttf in Resources */ = {isa = PBXBuildFile; fileRef = EA46FC3B283BD34100536502 /* Montserrat-Regular.ttf */; };
		EA46FC43283BE23E00536502 /* Persistence.swift in Sources */ = {isa = PBXBuildFile; fileRef = EA46FC42283BE23E00536502 /* Persistence.swift */; };
		EA46FC44283BE23E00536502 /* Persistence.swift in Sources */ = {isa = PBXBuildFile; fileRef = EA46FC42283BE23E00536502 /* Persistence.swift */; };
		EA46FC47283BE2B900536502 /* Entity+ValueInit.swift in Sources */ = {isa = PBXBuildFile; fileRef = EA46FC45283BE2B800536502 /* Entity+ValueInit.swift */; };
		EA46FC48283BE2B900536502 /* Entity+ValueInit.swift in Sources */ = {isa = PBXBuildFile; fileRef = EA46FC45283BE2B800536502 /* Entity+ValueInit.swift */; };
		EA46FC49283BE2B900536502 /* CoreDataHelper.swift in Sources */ = {isa = PBXBuildFile; fileRef = EA46FC46283BE2B900536502 /* CoreDataHelper.swift */; };
		EA46FC4A283BE2B900536502 /* CoreDataHelper.swift in Sources */ = {isa = PBXBuildFile; fileRef = EA46FC46283BE2B900536502 /* CoreDataHelper.swift */; };
		EA46FC57283BE32C00536502 /* ApiConstants.swift in Sources */ = {isa = PBXBuildFile; fileRef = EA46FC4C283BE32C00536502 /* ApiConstants.swift */; };
		EA46FC58283BE32C00536502 /* ApiConstants.swift in Sources */ = {isa = PBXBuildFile; fileRef = EA46FC4C283BE32C00536502 /* ApiConstants.swift */; };
		EA46FC59283BE32C00536502 /* RequestManager.swift in Sources */ = {isa = PBXBuildFile; fileRef = EA46FC4E283BE32C00536502 /* RequestManager.swift */; };
		EA46FC5A283BE32C00536502 /* RequestManager.swift in Sources */ = {isa = PBXBuildFile; fileRef = EA46FC4E283BE32C00536502 /* RequestManager.swift */; };
		EA46FC5B283BE32C00536502 /* ApiManagerProtocol.swift in Sources */ = {isa = PBXBuildFile; fileRef = EA46FC4F283BE32C00536502 /* ApiManagerProtocol.swift */; };
		EA46FC5C283BE32C00536502 /* ApiManagerProtocol.swift in Sources */ = {isa = PBXBuildFile; fileRef = EA46FC4F283BE32C00536502 /* ApiManagerProtocol.swift */; };
		EA46FC5D283BE32C00536502 /* NetworkError.swift in Sources */ = {isa = PBXBuildFile; fileRef = EA46FC50283BE32C00536502 /* NetworkError.swift */; };
		EA46FC5E283BE32C00536502 /* NetworkError.swift in Sources */ = {isa = PBXBuildFile; fileRef = EA46FC50283BE32C00536502 /* NetworkError.swift */; };
		EA46FC5F283BE32C00536502 /* DataParser.swift in Sources */ = {isa = PBXBuildFile; fileRef = EA46FC52283BE32C00536502 /* DataParser.swift */; };
		EA46FC60283BE32C00536502 /* DataParser.swift in Sources */ = {isa = PBXBuildFile; fileRef = EA46FC52283BE32C00536502 /* DataParser.swift */; };
		EA46FC61283BE32C00536502 /* EventsRequest.swift in Sources */ = {isa = PBXBuildFile; fileRef = EA46FC54283BE32C00536502 /* EventsRequest.swift */; };
		EA46FC62283BE32C00536502 /* EventsRequest.swift in Sources */ = {isa = PBXBuildFile; fileRef = EA46FC54283BE32C00536502 /* EventsRequest.swift */; };
		EA46FC63283BE32C00536502 /* RequestProtocol.swift in Sources */ = {isa = PBXBuildFile; fileRef = EA46FC55283BE32C00536502 /* RequestProtocol.swift */; };
		EA46FC64283BE32C00536502 /* RequestProtocol.swift in Sources */ = {isa = PBXBuildFile; fileRef = EA46FC55283BE32C00536502 /* RequestProtocol.swift */; };
		EA46FC65283BE32C00536502 /* RequestType.swift in Sources */ = {isa = PBXBuildFile; fileRef = EA46FC56283BE32C00536502 /* RequestType.swift */; };
		EA46FC66283BE32C00536502 /* RequestType.swift in Sources */ = {isa = PBXBuildFile; fileRef = EA46FC56283BE32C00536502 /* RequestType.swift */; };
		EA46FC6C283BE39B00536502 /* Payload.swift in Sources */ = {isa = PBXBuildFile; fileRef = EA46FC68283BE39B00536502 /* Payload.swift */; };
		EA46FC6D283BE39B00536502 /* Payload.swift in Sources */ = {isa = PBXBuildFile; fileRef = EA46FC68283BE39B00536502 /* Payload.swift */; };
		EA46FC6E283BE39B00536502 /* EventContainer.swift in Sources */ = {isa = PBXBuildFile; fileRef = EA46FC69283BE39B00536502 /* EventContainer.swift */; };
		EA46FC6F283BE39B00536502 /* EventContainer.swift in Sources */ = {isa = PBXBuildFile; fileRef = EA46FC69283BE39B00536502 /* EventContainer.swift */; };
		EA46FC70283BE39B00536502 /* Type.swift in Sources */ = {isa = PBXBuildFile; fileRef = EA46FC6A283BE39B00536502 /* Type.swift */; };
		EA46FC71283BE39B00536502 /* Type.swift in Sources */ = {isa = PBXBuildFile; fileRef = EA46FC6A283BE39B00536502 /* Type.swift */; };
		EA46FC72283BE39B00536502 /* MockEvents.swift in Sources */ = {isa = PBXBuildFile; fileRef = EA46FC6B283BE39B00536502 /* MockEvents.swift */; };
		EA46FC73283BE39B00536502 /* MockEvents.swift in Sources */ = {isa = PBXBuildFile; fileRef = EA46FC6B283BE39B00536502 /* MockEvents.swift */; };
		EA46FC78283BE3CD00536502 /* FormatUtils.swift in Sources */ = {isa = PBXBuildFile; fileRef = EA46FC75283BE3CD00536502 /* FormatUtils.swift */; };
		EA46FC79283BE3CD00536502 /* FormatUtils.swift in Sources */ = {isa = PBXBuildFile; fileRef = EA46FC75283BE3CD00536502 /* FormatUtils.swift */; };
		EA46FC7A283BE3CD00536502 /* ColorUtils.swift in Sources */ = {isa = PBXBuildFile; fileRef = EA46FC76283BE3CD00536502 /* ColorUtils.swift */; };
		EA46FC7B283BE3CD00536502 /* ColorUtils.swift in Sources */ = {isa = PBXBuildFile; fileRef = EA46FC76283BE3CD00536502 /* ColorUtils.swift */; };
		EA46FC7C283BE3CD00536502 /* ApiUtils.swift in Sources */ = {isa = PBXBuildFile; fileRef = EA46FC77283BE3CD00536502 /* ApiUtils.swift */; };
		EA46FC7D283BE3CD00536502 /* ApiUtils.swift in Sources */ = {isa = PBXBuildFile; fileRef = EA46FC77283BE3CD00536502 /* ApiUtils.swift */; };
		EA46FC85283BE49200536502 /* HomeViewModel.swift in Sources */ = {isa = PBXBuildFile; fileRef = EA46FC80283BE49200536502 /* HomeViewModel.swift */; };
		EA46FC86283BE49200536502 /* HomeViewModel.swift in Sources */ = {isa = PBXBuildFile; fileRef = EA46FC80283BE49200536502 /* HomeViewModel.swift */; };
		EA46FC89283BE49200536502 /* FetchEventsService.swift in Sources */ = {isa = PBXBuildFile; fileRef = EA46FC83283BE49200536502 /* FetchEventsService.swift */; };
		EA46FC8A283BE49200536502 /* FetchEventsService.swift in Sources */ = {isa = PBXBuildFile; fileRef = EA46FC83283BE49200536502 /* FetchEventsService.swift */; };
		EA46FC8B283BE49200536502 /* EventsStoreService.swift in Sources */ = {isa = PBXBuildFile; fileRef = EA46FC84283BE49200536502 /* EventsStoreService.swift */; };
		EA46FC8C283BE49200536502 /* EventsStoreService.swift in Sources */ = {isa = PBXBuildFile; fileRef = EA46FC84283BE49200536502 /* EventsStoreService.swift */; };
		EA46FC90283BE4F800536502 /* AdminViewModel.swift in Sources */ = {isa = PBXBuildFile; fileRef = EA46FC8F283BE4F800536502 /* AdminViewModel.swift */; };
		EA46FC91283BE4F800536502 /* AdminViewModel.swift in Sources */ = {isa = PBXBuildFile; fileRef = EA46FC8F283BE4F800536502 /* AdminViewModel.swift */; };
		EA46FC93283BE52800536502 /* EventDiscountPair.swift in Sources */ = {isa = PBXBuildFile; fileRef = EA46FC92283BE52800536502 /* EventDiscountPair.swift */; };
		EA46FC94283BE52800536502 /* EventDiscountPair.swift in Sources */ = {isa = PBXBuildFile; fileRef = EA46FC92283BE52800536502 /* EventDiscountPair.swift */; };
		EA46FC98283BE56800536502 /* EditEventViewModel.swift in Sources */ = {isa = PBXBuildFile; fileRef = EA46FC97283BE56800536502 /* EditEventViewModel.swift */; };
		EA46FC99283BE56800536502 /* EditEventViewModel.swift in Sources */ = {isa = PBXBuildFile; fileRef = EA46FC97283BE56800536502 /* EditEventViewModel.swift */; };
		EA46FC9F283BEA7F00536502 /* RoundedText.swift in Sources */ = {isa = PBXBuildFile; fileRef = EA46FC9E283BEA7F00536502 /* RoundedText.swift */; };
		EA46FCA2283BF35E00536502 /* HomeViewController.swift in Sources */ = {isa = PBXBuildFile; fileRef = EA46FCA1283BF35E00536502 /* HomeViewController.swift */; };
		EA46FCB1283C0F7800536502 /* DiscountCell.swift in Sources */ = {isa = PBXBuildFile; fileRef = EA46FCAF283C0F7800536502 /* DiscountCell.swift */; };
		EA46FCB2283C0F7800536502 /* DiscountCell.xib in Resources */ = {isa = PBXBuildFile; fileRef = EA46FCB0283C0F7800536502 /* DiscountCell.xib */; };
		EA46FCB4283C1D4800536502 /* DiscountListTableCell.swift in Sources */ = {isa = PBXBuildFile; fileRef = EA46FCB3283C1D4800536502 /* DiscountListTableCell.swift */; };
/* End PBXBuildFile section */

/* Begin PBXContainerItemProxy section */
		EA46FC12283BD13E00536502 /* PBXContainerItemProxy */ = {
			isa = PBXContainerItemProxy;
			containerPortal = EA46FBF0283BD13D00536502 /* Project object */;
			proxyType = 1;
			remoteGlobalIDString = EA46FBF7283BD13D00536502;
			remoteInfo = TicketsUiKit;
		};
		EA46FC1C283BD13E00536502 /* PBXContainerItemProxy */ = {
			isa = PBXContainerItemProxy;
			containerPortal = EA46FBF0283BD13D00536502 /* Project object */;
			proxyType = 1;
			remoteGlobalIDString = EA46FBF7283BD13D00536502;
			remoteInfo = TicketsUiKit;
		};
/* End PBXContainerItemProxy section */

/* Begin PBXFileReference section */
		EA36DD79283CBA190050D571 /* UIView+Shadow.swift */ = {isa = PBXFileReference; lastKnownFileType = sourcecode.swift; path = "UIView+Shadow.swift"; sourceTree = "<group>"; };
		EA36DD7B283CE8CB0050D571 /* InsetLabel.swift */ = {isa = PBXFileReference; lastKnownFileType = sourcecode.swift; path = InsetLabel.swift; sourceTree = "<group>"; };
		EA36DD80283CF0530050D571 /* EventView.swift */ = {isa = PBXFileReference; lastKnownFileType = sourcecode.swift; path = EventView.swift; sourceTree = "<group>"; };
		EA36DD82283CF0690050D571 /* EventView.xib */ = {isa = PBXFileReference; lastKnownFileType = file.xib; path = EventView.xib; sourceTree = "<group>"; };
		EA36DD84283CFF610050D571 /* UpcomingEventViewTableViewCell.swift */ = {isa = PBXFileReference; lastKnownFileType = sourcecode.swift; path = UpcomingEventViewTableViewCell.swift; sourceTree = "<group>"; };
		EA36DD8F283D17760050D571 /* ExpiredListTableCellTableViewCell.swift */ = {isa = PBXFileReference; lastKnownFileType = sourcecode.swift; path = ExpiredListTableCellTableViewCell.swift; sourceTree = "<group>"; };
		EA36DD91283D236E0050D571 /* ExpiredEventViewCell.swift */ = {isa = PBXFileReference; fileEncoding = 4; lastKnownFileType = sourcecode.swift; path = ExpiredEventViewCell.swift; sourceTree = "<group>"; };
		EA36DD92283D236E0050D571 /* ExpiredEventViewCell.xib */ = {isa = PBXFileReference; fileEncoding = 4; lastKnownFileType = file.xib; path = ExpiredEventViewCell.xib; sourceTree = "<group>"; };
		EA36DD96283D2C8E0050D571 /* ActionCell.swift */ = {isa = PBXFileReference; lastKnownFileType = sourcecode.swift; path = ActionCell.swift; sourceTree = "<group>"; };
		EA36DD97283D2C8E0050D571 /* ActionCell.xib */ = {isa = PBXFileReference; lastKnownFileType = file.xib; path = ActionCell.xib; sourceTree = "<group>"; };
		EA36DD9D283D4B460050D571 /* DetailsViewModel.swift */ = {isa = PBXFileReference; lastKnownFileType = sourcecode.swift; path = DetailsViewModel.swift; sourceTree = "<group>"; };
		EA36DDA0283D4C300050D571 /* EventPresentationModel.swift */ = {isa = PBXFileReference; lastKnownFileType = sourcecode.swift; path = EventPresentationModel.swift; sourceTree = "<group>"; };
		EA36DDA3283D50970050D571 /* DetailViewController.swift */ = {isa = PBXFileReference; lastKnownFileType = sourcecode.swift; path = DetailViewController.swift; sourceTree = "<group>"; };
		EA36DDA7283D65980050D571 /* TitleCell.swift */ = {isa = PBXFileReference; lastKnownFileType = sourcecode.swift; path = TitleCell.swift; sourceTree = "<group>"; };
		EA36DDA9283D65AC0050D571 /* EventDescriptionCell.swift */ = {isa = PBXFileReference; lastKnownFileType = sourcecode.swift; path = EventDescriptionCell.swift; sourceTree = "<group>"; };
		EA36DDAB283D65D50050D571 /* EventDetailCell.swift */ = {isa = PBXFileReference; lastKnownFileType = sourcecode.swift; path = EventDetailCell.swift; sourceTree = "<group>"; };
		EA3EB3E9283DFF6D004D0890 /* AdminViewController.swift */ = {isa = PBXFileReference; lastKnownFileType = sourcecode.swift; path = AdminViewController.swift; sourceTree = "<group>"; };
		EA3EB3EC283E0AC8004D0890 /* AdminEventCell.swift */ = {isa = PBXFileReference; lastKnownFileType = sourcecode.swift; path = AdminEventCell.swift; sourceTree = "<group>"; };
		EA3EB3EE283E0ADB004D0890 /* ActionButtonsCell.swift */ = {isa = PBXFileReference; lastKnownFileType = sourcecode.swift; path = ActionButtonsCell.swift; sourceTree = "<group>"; };
		EA3EB3F0283E0B12004D0890 /* FilterByCell.swift */ = {isa = PBXFileReference; lastKnownFileType = sourcecode.swift; path = FilterByCell.swift; sourceTree = "<group>"; };
		EA3EB3F2283E1577004D0890 /* AdminCellType.swift */ = {isa = PBXFileReference; lastKnownFileType = sourcecode.swift; path = AdminCellType.swift; sourceTree = "<group>"; };
		EA3EB3F4283E4980004D0890 /* UIController+CustomBackButton.swift */ = {isa = PBXFileReference; lastKnownFileType = sourcecode.swift; path = "UIController+CustomBackButton.swift"; sourceTree = "<group>"; };
		EA3EB3F7283E5F41004D0890 /* EditEventViewController.swift */ = {isa = PBXFileReference; lastKnownFileType = sourcecode.swift; path = EditEventViewController.swift; sourceTree = "<group>"; };
		EA4021DD283F5C7200FEAF55 /* Date+Tomorrow.swift */ = {isa = PBXFileReference; lastKnownFileType = sourcecode.swift; path = "Date+Tomorrow.swift"; sourceTree = "<group>"; };
		EA4021E3283F7DD900FEAF55 /* CoreDataTests.swift */ = {isa = PBXFileReference; fileEncoding = 4; lastKnownFileType = sourcecode.swift; path = CoreDataTests.swift; sourceTree = "<group>"; };
		EA4021E4283F7DD900FEAF55 /* PersistenceTest.swift */ = {isa = PBXFileReference; fileEncoding = 4; lastKnownFileType = sourcecode.swift; path = PersistenceTest.swift; sourceTree = "<group>"; };
		EA4021E7283F7DD900FEAF55 /* EventsRequestMock.swift */ = {isa = PBXFileReference; fileEncoding = 4; lastKnownFileType = sourcecode.swift; path = EventsRequestMock.swift; sourceTree = "<group>"; };
		EA4021E8283F7DD900FEAF55 /* TestEventFetcherMock.swift */ = {isa = PBXFileReference; fileEncoding = 4; lastKnownFileType = sourcecode.swift; path = TestEventFetcherMock.swift; sourceTree = "<group>"; };
		EA4021E9283F7DD900FEAF55 /* ApiManagerMock.swift */ = {isa = PBXFileReference; fileEncoding = 4; lastKnownFileType = sourcecode.swift; path = ApiManagerMock.swift; sourceTree = "<group>"; };
		EA4021EA283F7DD900FEAF55 /* RequestManagerTests.swift */ = {isa = PBXFileReference; fileEncoding = 4; lastKnownFileType = sourcecode.swift; path = RequestManagerTests.swift; sourceTree = "<group>"; };
		EA4021FD283F7F7700FEAF55 /* Concerts.json */ = {isa = PBXFileReference; fileEncoding = 4; lastKnownFileType = text.json; path = Concerts.json; sourceTree = "<group>"; };
		EA402200283F7FE600FEAF55 /* HomeViewModelTests.swift */ = {isa = PBXFileReference; fileEncoding = 4; lastKnownFileType = sourcecode.swift; path = HomeViewModelTests.swift; sourceTree = "<group>"; };
		EA402203283F802400FEAF55 /* AdminViewModelTests.swift */ = {isa = PBXFileReference; fileEncoding = 4; lastKnownFileType = sourcecode.swift; path = AdminViewModelTests.swift; sourceTree = "<group>"; };
		EA40220A283F883A00FEAF55 /* TestEditViewModel.swift */ = {isa = PBXFileReference; fileEncoding = 4; lastKnownFileType = sourcecode.swift; path = TestEditViewModel.swift; sourceTree = "<group>"; };
		EA46FBF8283BD13D00536502 /* TicketsUiKit.app */ = {isa = PBXFileReference; explicitFileType = wrapper.application; includeInIndex = 0; path = TicketsUiKit.app; sourceTree = BUILT_PRODUCTS_DIR; };
		EA46FBFB283BD13D00536502 /* AppDelegate.swift */ = {isa = PBXFileReference; lastKnownFileType = sourcecode.swift; path = AppDelegate.swift; sourceTree = "<group>"; };
		EA46FBFD283BD13D00536502 /* SceneDelegate.swift */ = {isa = PBXFileReference; lastKnownFileType = sourcecode.swift; path = SceneDelegate.swift; sourceTree = "<group>"; };
		EA46FBFF283BD13D00536502 /* ViewController.swift */ = {isa = PBXFileReference; lastKnownFileType = sourcecode.swift; path = ViewController.swift; sourceTree = "<group>"; };
		EA46FC02283BD13D00536502 /* Base */ = {isa = PBXFileReference; lastKnownFileType = file.storyboard; name = Base; path = Base.lproj/Main.storyboard; sourceTree = "<group>"; };
		EA46FC05283BD13D00536502 /* TicketsUiKit.xcdatamodel */ = {isa = PBXFileReference; lastKnownFileType = wrapper.xcdatamodel; path = TicketsUiKit.xcdatamodel; sourceTree = "<group>"; };
		EA46FC07283BD13D00536502 /* Assets.xcassets */ = {isa = PBXFileReference; lastKnownFileType = folder.assetcatalog; path = Assets.xcassets; sourceTree = "<group>"; };
		EA46FC0A283BD13D00536502 /* Base */ = {isa = PBXFileReference; lastKnownFileType = file.storyboard; name = Base; path = Base.lproj/LaunchScreen.storyboard; sourceTree = "<group>"; };
		EA46FC0C283BD13D00536502 /* Info.plist */ = {isa = PBXFileReference; lastKnownFileType = text.plist.xml; path = Info.plist; sourceTree = "<group>"; };
		EA46FC11283BD13E00536502 /* TicketsUiKitTests.xctest */ = {isa = PBXFileReference; explicitFileType = wrapper.cfbundle; includeInIndex = 0; path = TicketsUiKitTests.xctest; sourceTree = BUILT_PRODUCTS_DIR; };
		EA46FC15283BD13E00536502 /* TicketsUiKitTests.swift */ = {isa = PBXFileReference; lastKnownFileType = sourcecode.swift; path = TicketsUiKitTests.swift; sourceTree = "<group>"; };
		EA46FC1B283BD13E00536502 /* TicketsUiKitUITests.xctest */ = {isa = PBXFileReference; explicitFileType = wrapper.cfbundle; includeInIndex = 0; path = TicketsUiKitUITests.xctest; sourceTree = BUILT_PRODUCTS_DIR; };
		EA46FC1F283BD13E00536502 /* TicketsUiKitUITests.swift */ = {isa = PBXFileReference; lastKnownFileType = sourcecode.swift; path = TicketsUiKitUITests.swift; sourceTree = "<group>"; };
		EA46FC21283BD13E00536502 /* TicketsUiKitUITestsLaunchTests.swift */ = {isa = PBXFileReference; lastKnownFileType = sourcecode.swift; path = TicketsUiKitUITestsLaunchTests.swift; sourceTree = "<group>"; };
		EA46FC38283BD34100536502 /* FontUtils.swift */ = {isa = PBXFileReference; fileEncoding = 4; lastKnownFileType = sourcecode.swift; path = FontUtils.swift; sourceTree = "<group>"; };
		EA46FC3A283BD34100536502 /* Montserrat-Bold.ttf */ = {isa = PBXFileReference; lastKnownFileType = file; path = "Montserrat-Bold.ttf"; sourceTree = "<group>"; };
		EA46FC3B283BD34100536502 /* Montserrat-Regular.ttf */ = {isa = PBXFileReference; lastKnownFileType = file; path = "Montserrat-Regular.ttf"; sourceTree = "<group>"; };
		EA46FC42283BE23E00536502 /* Persistence.swift */ = {isa = PBXFileReference; lastKnownFileType = sourcecode.swift; path = Persistence.swift; sourceTree = "<group>"; };
		EA46FC45283BE2B800536502 /* Entity+ValueInit.swift */ = {isa = PBXFileReference; fileEncoding = 4; lastKnownFileType = sourcecode.swift; path = "Entity+ValueInit.swift"; sourceTree = "<group>"; };
		EA46FC46283BE2B900536502 /* CoreDataHelper.swift */ = {isa = PBXFileReference; fileEncoding = 4; lastKnownFileType = sourcecode.swift; path = CoreDataHelper.swift; sourceTree = "<group>"; };
		EA46FC4C283BE32C00536502 /* ApiConstants.swift */ = {isa = PBXFileReference; fileEncoding = 4; lastKnownFileType = sourcecode.swift; path = ApiConstants.swift; sourceTree = "<group>"; };
		EA46FC4E283BE32C00536502 /* RequestManager.swift */ = {isa = PBXFileReference; fileEncoding = 4; lastKnownFileType = sourcecode.swift; path = RequestManager.swift; sourceTree = "<group>"; };
		EA46FC4F283BE32C00536502 /* ApiManagerProtocol.swift */ = {isa = PBXFileReference; fileEncoding = 4; lastKnownFileType = sourcecode.swift; path = ApiManagerProtocol.swift; sourceTree = "<group>"; };
		EA46FC50283BE32C00536502 /* NetworkError.swift */ = {isa = PBXFileReference; fileEncoding = 4; lastKnownFileType = sourcecode.swift; path = NetworkError.swift; sourceTree = "<group>"; };
		EA46FC52283BE32C00536502 /* DataParser.swift */ = {isa = PBXFileReference; fileEncoding = 4; lastKnownFileType = sourcecode.swift; path = DataParser.swift; sourceTree = "<group>"; };
		EA46FC54283BE32C00536502 /* EventsRequest.swift */ = {isa = PBXFileReference; fileEncoding = 4; lastKnownFileType = sourcecode.swift; path = EventsRequest.swift; sourceTree = "<group>"; };
		EA46FC55283BE32C00536502 /* RequestProtocol.swift */ = {isa = PBXFileReference; fileEncoding = 4; lastKnownFileType = sourcecode.swift; path = RequestProtocol.swift; sourceTree = "<group>"; };
		EA46FC56283BE32C00536502 /* RequestType.swift */ = {isa = PBXFileReference; fileEncoding = 4; lastKnownFileType = sourcecode.swift; path = RequestType.swift; sourceTree = "<group>"; };
		EA46FC68283BE39B00536502 /* Payload.swift */ = {isa = PBXFileReference; fileEncoding = 4; lastKnownFileType = sourcecode.swift; path = Payload.swift; sourceTree = "<group>"; };
		EA46FC69283BE39B00536502 /* EventContainer.swift */ = {isa = PBXFileReference; fileEncoding = 4; lastKnownFileType = sourcecode.swift; path = EventContainer.swift; sourceTree = "<group>"; };
		EA46FC6A283BE39B00536502 /* Type.swift */ = {isa = PBXFileReference; fileEncoding = 4; lastKnownFileType = sourcecode.swift; path = Type.swift; sourceTree = "<group>"; };
		EA46FC6B283BE39B00536502 /* MockEvents.swift */ = {isa = PBXFileReference; fileEncoding = 4; lastKnownFileType = sourcecode.swift; path = MockEvents.swift; sourceTree = "<group>"; };
		EA46FC75283BE3CD00536502 /* FormatUtils.swift */ = {isa = PBXFileReference; fileEncoding = 4; lastKnownFileType = sourcecode.swift; path = FormatUtils.swift; sourceTree = "<group>"; };
		EA46FC76283BE3CD00536502 /* ColorUtils.swift */ = {isa = PBXFileReference; fileEncoding = 4; lastKnownFileType = sourcecode.swift; path = ColorUtils.swift; sourceTree = "<group>"; };
		EA46FC77283BE3CD00536502 /* ApiUtils.swift */ = {isa = PBXFileReference; fileEncoding = 4; lastKnownFileType = sourcecode.swift; path = ApiUtils.swift; sourceTree = "<group>"; };
		EA46FC80283BE49200536502 /* HomeViewModel.swift */ = {isa = PBXFileReference; fileEncoding = 4; lastKnownFileType = sourcecode.swift; path = HomeViewModel.swift; sourceTree = "<group>"; };
		EA46FC83283BE49200536502 /* FetchEventsService.swift */ = {isa = PBXFileReference; fileEncoding = 4; lastKnownFileType = sourcecode.swift; path = FetchEventsService.swift; sourceTree = "<group>"; };
		EA46FC84283BE49200536502 /* EventsStoreService.swift */ = {isa = PBXFileReference; fileEncoding = 4; lastKnownFileType = sourcecode.swift; path = EventsStoreService.swift; sourceTree = "<group>"; };
		EA46FC8F283BE4F800536502 /* AdminViewModel.swift */ = {isa = PBXFileReference; fileEncoding = 4; lastKnownFileType = sourcecode.swift; path = AdminViewModel.swift; sourceTree = "<group>"; };
		EA46FC92283BE52800536502 /* EventDiscountPair.swift */ = {isa = PBXFileReference; lastKnownFileType = sourcecode.swift; path = EventDiscountPair.swift; sourceTree = "<group>"; };
		EA46FC97283BE56800536502 /* EditEventViewModel.swift */ = {isa = PBXFileReference; fileEncoding = 4; lastKnownFileType = sourcecode.swift; path = EditEventViewModel.swift; sourceTree = "<group>"; };
		EA46FC9E283BEA7F00536502 /* RoundedText.swift */ = {isa = PBXFileReference; lastKnownFileType = sourcecode.swift; path = RoundedText.swift; sourceTree = "<group>"; };
		EA46FCA1283BF35E00536502 /* HomeViewController.swift */ = {isa = PBXFileReference; lastKnownFileType = sourcecode.swift; path = HomeViewController.swift; sourceTree = "<group>"; };
		EA46FCAF283C0F7800536502 /* DiscountCell.swift */ = {isa = PBXFileReference; lastKnownFileType = sourcecode.swift; path = DiscountCell.swift; sourceTree = "<group>"; };
		EA46FCB0283C0F7800536502 /* DiscountCell.xib */ = {isa = PBXFileReference; lastKnownFileType = file.xib; path = DiscountCell.xib; sourceTree = "<group>"; };
		EA46FCB3283C1D4800536502 /* DiscountListTableCell.swift */ = {isa = PBXFileReference; lastKnownFileType = sourcecode.swift; path = DiscountListTableCell.swift; sourceTree = "<group>"; };
/* End PBXFileReference section */

/* Begin PBXFrameworksBuildPhase section */
		EA46FBF5283BD13D00536502 /* Frameworks */ = {
			isa = PBXFrameworksBuildPhase;
			buildActionMask = 2147483647;
			files = (
				EA46FC36283BD2C700536502 /* SDWebImageSwiftUI in Frameworks */,
				EA46FC30283BD27200536502 /* ObjectMapper in Frameworks */,
				EA46FC33283BD2A200536502 /* Alamofire in Frameworks */,
			);
			runOnlyForDeploymentPostprocessing = 0;
		};
		EA46FC0E283BD13E00536502 /* Frameworks */ = {
			isa = PBXFrameworksBuildPhase;
			buildActionMask = 2147483647;
			files = (
			);
			runOnlyForDeploymentPostprocessing = 0;
		};
		EA46FC18283BD13E00536502 /* Frameworks */ = {
			isa = PBXFrameworksBuildPhase;
			buildActionMask = 2147483647;
			files = (
			);
			runOnlyForDeploymentPostprocessing = 0;
		};
/* End PBXFrameworksBuildPhase section */

/* Begin PBXGroup section */
		EA36DD7F283CF03E0050D571 /* Event */ = {
			isa = PBXGroup;
			children = (
				EA36DD80283CF0530050D571 /* EventView.swift */,
				EA36DD82283CF0690050D571 /* EventView.xib */,
			);
			path = Event;
			sourceTree = "<group>";
		};
		EA36DD88283D13A30050D571 /* Discount */ = {
			isa = PBXGroup;
			children = (
				EA46FCAF283C0F7800536502 /* DiscountCell.swift */,
				EA46FCB0283C0F7800536502 /* DiscountCell.xib */,
				EA46FCB3283C1D4800536502 /* DiscountListTableCell.swift */,
			);
			path = Discount;
			sourceTree = "<group>";
		};
		EA36DD89283D13B40050D571 /* Expired */ = {
			isa = PBXGroup;
			children = (
				EA36DD91283D236E0050D571 /* ExpiredEventViewCell.swift */,
				EA36DD92283D236E0050D571 /* ExpiredEventViewCell.xib */,
				EA36DD8F283D17760050D571 /* ExpiredListTableCellTableViewCell.swift */,
			);
			path = Expired;
			sourceTree = "<group>";
		};
		EA36DD8A283D13BE0050D571 /* Upcoming */ = {
			isa = PBXGroup;
			children = (
				EA36DD84283CFF610050D571 /* UpcomingEventViewTableViewCell.swift */,
			);
			path = Upcoming;
			sourceTree = "<group>";
		};
		EA36DD95283D2C750050D571 /* Action */ = {
			isa = PBXGroup;
			children = (
				EA36DD96283D2C8E0050D571 /* ActionCell.swift */,
				EA36DD97283D2C8E0050D571 /* ActionCell.xib */,
			);
			path = Action;
			sourceTree = "<group>";
		};
		EA36DD9A283D4A910050D571 /* Details */ = {
			isa = PBXGroup;
			children = (
				EA36DD9C283D4ACE0050D571 /* Views */,
				EA36DD9B283D4ABF0050D571 /* ViewModel */,
			);
			path = Details;
			sourceTree = "<group>";
		};
		EA36DD9B283D4ABF0050D571 /* ViewModel */ = {
			isa = PBXGroup;
			children = (
				EA36DD9D283D4B460050D571 /* DetailsViewModel.swift */,
			);
			path = ViewModel;
			sourceTree = "<group>";
		};
		EA36DD9C283D4ACE0050D571 /* Views */ = {
			isa = PBXGroup;
			children = (
				EA36DDA6283D65620050D571 /* Cells */,
				EA36DDA3283D50970050D571 /* DetailViewController.swift */,
			);
			path = Views;
			sourceTree = "<group>";
		};
		EA36DDA6283D65620050D571 /* Cells */ = {
			isa = PBXGroup;
			children = (
				EA36DDA7283D65980050D571 /* TitleCell.swift */,
				EA36DDA9283D65AC0050D571 /* EventDescriptionCell.swift */,
				EA36DDAB283D65D50050D571 /* EventDetailCell.swift */,
			);
			path = Cells;
			sourceTree = "<group>";
		};
		EA3EB3E8283DFF45004D0890 /* Views */ = {
			isa = PBXGroup;
			children = (
				EA3EB3EB283DFFED004D0890 /* Cells */,
				EA3EB3E9283DFF6D004D0890 /* AdminViewController.swift */,
			);
			path = Views;
			sourceTree = "<group>";
		};
		EA3EB3EB283DFFED004D0890 /* Cells */ = {
			isa = PBXGroup;
			children = (
				EA3EB3EC283E0AC8004D0890 /* AdminEventCell.swift */,
				EA3EB3EE283E0ADB004D0890 /* ActionButtonsCell.swift */,
				EA3EB3F0283E0B12004D0890 /* FilterByCell.swift */,
			);
			path = Cells;
			sourceTree = "<group>";
		};
		EA3EB3F6283E5F18004D0890 /* Views */ = {
			isa = PBXGroup;
			children = (
				EA3EB3F7283E5F41004D0890 /* EditEventViewController.swift */,
			);
			path = Views;
			sourceTree = "<group>";
		};
		EA4021DF283F7DD900FEAF55 /* Core */ = {
			isa = PBXGroup;
			children = (
				EA4021E0283F7DD900FEAF55 /* Data */,
			);
			path = Core;
			sourceTree = "<group>";
		};
		EA4021E0283F7DD900FEAF55 /* Data */ = {
			isa = PBXGroup;
			children = (
				EA4021E1283F7DD900FEAF55 /* CoreData */,
				EA4021E4283F7DD900FEAF55 /* PersistenceTest.swift */,
				EA4021E5283F7DD900FEAF55 /* Api */,
			);
			path = Data;
			sourceTree = "<group>";
		};
		EA4021E1283F7DD900FEAF55 /* CoreData */ = {
			isa = PBXGroup;
			children = (
				EA4021E2283F7DD900FEAF55 /* Helpers */,
				EA4021E3283F7DD900FEAF55 /* CoreDataTests.swift */,
			);
			path = CoreData;
			sourceTree = "<group>";
		};
		EA4021E2283F7DD900FEAF55 /* Helpers */ = {
			isa = PBXGroup;
			children = (
			);
			path = Helpers;
			sourceTree = "<group>";
		};
		EA4021E5283F7DD900FEAF55 /* Api */ = {
			isa = PBXGroup;
			children = (
				EA4021E6283F7DD900FEAF55 /* Mock */,
				EA4021EA283F7DD900FEAF55 /* RequestManagerTests.swift */,
			);
			path = Api;
			sourceTree = "<group>";
		};
		EA4021E6283F7DD900FEAF55 /* Mock */ = {
			isa = PBXGroup;
			children = (
				EA4021FD283F7F7700FEAF55 /* Concerts.json */,
				EA4021E7283F7DD900FEAF55 /* EventsRequestMock.swift */,
				EA4021E8283F7DD900FEAF55 /* TestEventFetcherMock.swift */,
				EA4021E9283F7DD900FEAF55 /* ApiManagerMock.swift */,
			);
			path = Mock;
			sourceTree = "<group>";
		};
		EA4021FF283F7FE600FEAF55 /* Home */ = {
			isa = PBXGroup;
			children = (
				EA402200283F7FE600FEAF55 /* HomeViewModelTests.swift */,
			);
			path = Home;
			sourceTree = "<group>";
		};
		EA402202283F802400FEAF55 /* Admin */ = {
			isa = PBXGroup;
			children = (
				EA402203283F802400FEAF55 /* AdminViewModelTests.swift */,
			);
			path = Admin;
			sourceTree = "<group>";
		};
		EA402209283F883A00FEAF55 /* Edit */ = {
			isa = PBXGroup;
			children = (
				EA40220A283F883A00FEAF55 /* TestEditViewModel.swift */,
			);
			path = Edit;
			sourceTree = "<group>";
		};
		EA46FBEF283BD13D00536502 = {
			isa = PBXGroup;
			children = (
				EA46FBFA283BD13D00536502 /* TicketsUiKit */,
				EA46FC14283BD13E00536502 /* TicketsUiKitTests */,
				EA46FC1E283BD13E00536502 /* TicketsUiKitUITests */,
				EA46FBF9283BD13D00536502 /* Products */,
			);
			sourceTree = "<group>";
		};
		EA46FBF9283BD13D00536502 /* Products */ = {
			isa = PBXGroup;
			children = (
				EA46FBF8283BD13D00536502 /* TicketsUiKit.app */,
				EA46FC11283BD13E00536502 /* TicketsUiKitTests.xctest */,
				EA46FC1B283BD13E00536502 /* TicketsUiKitUITests.xctest */,
			);
			name = Products;
			sourceTree = "<group>";
		};
		EA46FBFA283BD13D00536502 /* TicketsUiKit */ = {
			isa = PBXGroup;
			children = (
				EA36DD9A283D4A910050D571 /* Details */,
				EA46FC95283BE55700536502 /* Edit */,
				EA46FC8D283BE4DF00536502 /* Admin */,
				EA46FC7E283BE42100536502 /* Home */,
				EA46FC3F283BE1D700536502 /* Core */,
				EA46FC37283BD34100536502 /* Fonts */,
				EA46FBFB283BD13D00536502 /* AppDelegate.swift */,
				EA46FBFD283BD13D00536502 /* SceneDelegate.swift */,
				EA46FBFF283BD13D00536502 /* ViewController.swift */,
				EA46FC01283BD13D00536502 /* Main.storyboard */,
				EA46FC07283BD13D00536502 /* Assets.xcassets */,
				EA46FC09283BD13D00536502 /* LaunchScreen.storyboard */,
				EA46FC0C283BD13D00536502 /* Info.plist */,
			);
			path = TicketsUiKit;
			sourceTree = "<group>";
		};
		EA46FC14283BD13E00536502 /* TicketsUiKitTests */ = {
			isa = PBXGroup;
			children = (
				EA402209283F883A00FEAF55 /* Edit */,
				EA402202283F802400FEAF55 /* Admin */,
				EA4021FF283F7FE600FEAF55 /* Home */,
				EA4021DF283F7DD900FEAF55 /* Core */,
				EA46FC15283BD13E00536502 /* TicketsUiKitTests.swift */,
			);
			path = TicketsUiKitTests;
			sourceTree = "<group>";
		};
		EA46FC1E283BD13E00536502 /* TicketsUiKitUITests */ = {
			isa = PBXGroup;
			children = (
				EA46FC1F283BD13E00536502 /* TicketsUiKitUITests.swift */,
				EA46FC21283BD13E00536502 /* TicketsUiKitUITestsLaunchTests.swift */,
			);
			path = TicketsUiKitUITests;
			sourceTree = "<group>";
		};
		EA46FC37283BD34100536502 /* Fonts */ = {
			isa = PBXGroup;
			children = (
				EA46FC38283BD34100536502 /* FontUtils.swift */,
				EA46FC39283BD34100536502 /* Montserrat */,
			);
			path = Fonts;
			sourceTree = "<group>";
		};
		EA46FC39283BD34100536502 /* Montserrat */ = {
			isa = PBXGroup;
			children = (
				EA46FC3A283BD34100536502 /* Montserrat-Bold.ttf */,
				EA46FC3B283BD34100536502 /* Montserrat-Regular.ttf */,
			);
			path = Montserrat;
			sourceTree = "<group>";
		};
		EA46FC3F283BE1D700536502 /* Core */ = {
			isa = PBXGroup;
			children = (
				EA46FC9A283BEA0000536502 /* Views */,
				EA46FC74283BE3CD00536502 /* Utils */,
				EA46FC40283BE1E000536502 /* Data */,
			);
			path = Core;
			sourceTree = "<group>";
		};
		EA46FC40283BE1E000536502 /* Data */ = {
			isa = PBXGroup;
			children = (
				EA46FC67283BE37300536502 /* Dto */,
				EA46FC4B283BE32C00536502 /* Api */,
				EA46FC41283BE1E600536502 /* CoreData */,
			);
			path = Data;
			sourceTree = "<group>";
		};
		EA46FC41283BE1E600536502 /* CoreData */ = {
			isa = PBXGroup;
			children = (
				EA46FC46283BE2B900536502 /* CoreDataHelper.swift */,
				EA46FC45283BE2B800536502 /* Entity+ValueInit.swift */,
				EA46FC04283BD13D00536502 /* Tickets.xcdatamodeld */,
				EA46FC42283BE23E00536502 /* Persistence.swift */,
			);
			path = CoreData;
			sourceTree = "<group>";
		};
		EA46FC4B283BE32C00536502 /* Api */ = {
			isa = PBXGroup;
			children = (
				EA46FC4C283BE32C00536502 /* ApiConstants.swift */,
				EA46FC4D283BE32C00536502 /* Network */,
				EA46FC51283BE32C00536502 /* Parser */,
				EA46FC53283BE32C00536502 /* Request */,
			);
			path = Api;
			sourceTree = "<group>";
		};
		EA46FC4D283BE32C00536502 /* Network */ = {
			isa = PBXGroup;
			children = (
				EA46FC4E283BE32C00536502 /* RequestManager.swift */,
				EA46FC4F283BE32C00536502 /* ApiManagerProtocol.swift */,
				EA46FC50283BE32C00536502 /* NetworkError.swift */,
			);
			path = Network;
			sourceTree = "<group>";
		};
		EA46FC51283BE32C00536502 /* Parser */ = {
			isa = PBXGroup;
			children = (
				EA46FC52283BE32C00536502 /* DataParser.swift */,
			);
			path = Parser;
			sourceTree = "<group>";
		};
		EA46FC53283BE32C00536502 /* Request */ = {
			isa = PBXGroup;
			children = (
				EA46FC54283BE32C00536502 /* EventsRequest.swift */,
				EA46FC55283BE32C00536502 /* RequestProtocol.swift */,
				EA46FC56283BE32C00536502 /* RequestType.swift */,
			);
			path = Request;
			sourceTree = "<group>";
		};
		EA46FC67283BE37300536502 /* Dto */ = {
			isa = PBXGroup;
			children = (
				EA46FC69283BE39B00536502 /* EventContainer.swift */,
				EA46FC6B283BE39B00536502 /* MockEvents.swift */,
				EA46FC68283BE39B00536502 /* Payload.swift */,
				EA46FC6A283BE39B00536502 /* Type.swift */,
				EA46FC92283BE52800536502 /* EventDiscountPair.swift */,
				EA36DDA0283D4C300050D571 /* EventPresentationModel.swift */,
			);
			path = Dto;
			sourceTree = "<group>";
		};
		EA46FC74283BE3CD00536502 /* Utils */ = {
			isa = PBXGroup;
			children = (
				EA46FC75283BE3CD00536502 /* FormatUtils.swift */,
				EA46FC76283BE3CD00536502 /* ColorUtils.swift */,
				EA46FC77283BE3CD00536502 /* ApiUtils.swift */,
				EA4021DD283F5C7200FEAF55 /* Date+Tomorrow.swift */,
			);
			path = Utils;
			sourceTree = "<group>";
		};
		EA46FC7E283BE42100536502 /* Home */ = {
			isa = PBXGroup;
			children = (
				EA46FCA0283BF32C00536502 /* Views */,
				EA46FC81283BE49200536502 /* Services */,
				EA46FC7F283BE49200536502 /* ViewModels */,
			);
			path = Home;
			sourceTree = "<group>";
		};
		EA46FC7F283BE49200536502 /* ViewModels */ = {
			isa = PBXGroup;
			children = (
				EA46FC80283BE49200536502 /* HomeViewModel.swift */,
			);
			path = ViewModels;
			sourceTree = "<group>";
		};
		EA46FC81283BE49200536502 /* Services */ = {
			isa = PBXGroup;
			children = (
				EA46FC83283BE49200536502 /* FetchEventsService.swift */,
				EA46FC84283BE49200536502 /* EventsStoreService.swift */,
			);
			path = Services;
			sourceTree = "<group>";
		};
		EA46FC8D283BE4DF00536502 /* Admin */ = {
			isa = PBXGroup;
			children = (
				EA3EB3E8283DFF45004D0890 /* Views */,
				EA46FC8E283BE4F800536502 /* ViewModels */,
			);
			path = Admin;
			sourceTree = "<group>";
		};
		EA46FC8E283BE4F800536502 /* ViewModels */ = {
			isa = PBXGroup;
			children = (
				EA46FC8F283BE4F800536502 /* AdminViewModel.swift */,
				EA3EB3F2283E1577004D0890 /* AdminCellType.swift */,
			);
			path = ViewModels;
			sourceTree = "<group>";
		};
		EA46FC95283BE55700536502 /* Edit */ = {
			isa = PBXGroup;
			children = (
				EA3EB3F6283E5F18004D0890 /* Views */,
				EA46FC96283BE56800536502 /* ViewModels */,
			);
			path = Edit;
			sourceTree = "<group>";
		};
		EA46FC96283BE56800536502 /* ViewModels */ = {
			isa = PBXGroup;
			children = (
				EA46FC97283BE56800536502 /* EditEventViewModel.swift */,
			);
			path = ViewModels;
			sourceTree = "<group>";
		};
		EA46FC9A283BEA0000536502 /* Views */ = {
			isa = PBXGroup;
			children = (
				EA36DD7F283CF03E0050D571 /* Event */,
				EA46FC9E283BEA7F00536502 /* RoundedText.swift */,
				EA36DD79283CBA190050D571 /* UIView+Shadow.swift */,
				EA36DD7B283CE8CB0050D571 /* InsetLabel.swift */,
				EA3EB3F4283E4980004D0890 /* UIController+CustomBackButton.swift */,
			);
			path = Views;
			sourceTree = "<group>";
		};
		EA46FCA0283BF32C00536502 /* Views */ = {
			isa = PBXGroup;
			children = (
				EA46FCA4283C0D0000536502 /* Custom */,
				EA46FCA1283BF35E00536502 /* HomeViewController.swift */,
			);
			path = Views;
			sourceTree = "<group>";
		};
		EA46FCA4283C0D0000536502 /* Custom */ = {
			isa = PBXGroup;
			children = (
				EA36DD95283D2C750050D571 /* Action */,
				EA36DD8A283D13BE0050D571 /* Upcoming */,
				EA36DD89283D13B40050D571 /* Expired */,
				EA36DD88283D13A30050D571 /* Discount */,
			);
			path = Custom;
			sourceTree = "<group>";
		};
/* End PBXGroup section */

/* Begin PBXNativeTarget section */
		EA46FBF7283BD13D00536502 /* TicketsUiKit */ = {
			isa = PBXNativeTarget;
			buildConfigurationList = EA46FC25283BD13E00536502 /* Build configuration list for PBXNativeTarget "TicketsUiKit" */;
			buildPhases = (
				EA46FBF4283BD13D00536502 /* Sources */,
				EA46FBF5283BD13D00536502 /* Frameworks */,
				EA46FBF6283BD13D00536502 /* Resources */,
			);
			buildRules = (
			);
			dependencies = (
			);
			name = TicketsUiKit;
			packageProductDependencies = (
				EA46FC2F283BD27200536502 /* ObjectMapper */,
				EA46FC32283BD2A200536502 /* Alamofire */,
				EA46FC35283BD2C700536502 /* SDWebImageSwiftUI */,
			);
			productName = TicketsUiKit;
			productReference = EA46FBF8283BD13D00536502 /* TicketsUiKit.app */;
			productType = "com.apple.product-type.application";
		};
		EA46FC10283BD13E00536502 /* TicketsUiKitTests */ = {
			isa = PBXNativeTarget;
			buildConfigurationList = EA46FC28283BD13E00536502 /* Build configuration list for PBXNativeTarget "TicketsUiKitTests" */;
			buildPhases = (
				EA46FC0D283BD13E00536502 /* Sources */,
				EA46FC0E283BD13E00536502 /* Frameworks */,
				EA46FC0F283BD13E00536502 /* Resources */,
			);
			buildRules = (
			);
			dependencies = (
				EA46FC13283BD13E00536502 /* PBXTargetDependency */,
			);
			name = TicketsUiKitTests;
			productName = TicketsUiKitTests;
			productReference = EA46FC11283BD13E00536502 /* TicketsUiKitTests.xctest */;
			productType = "com.apple.product-type.bundle.unit-test";
		};
		EA46FC1A283BD13E00536502 /* TicketsUiKitUITests */ = {
			isa = PBXNativeTarget;
			buildConfigurationList = EA46FC2B283BD13E00536502 /* Build configuration list for PBXNativeTarget "TicketsUiKitUITests" */;
			buildPhases = (
				EA46FC17283BD13E00536502 /* Sources */,
				EA46FC18283BD13E00536502 /* Frameworks */,
				EA46FC19283BD13E00536502 /* Resources */,
			);
			buildRules = (
			);
			dependencies = (
				EA46FC1D283BD13E00536502 /* PBXTargetDependency */,
			);
			name = TicketsUiKitUITests;
			productName = TicketsUiKitUITests;
			productReference = EA46FC1B283BD13E00536502 /* TicketsUiKitUITests.xctest */;
			productType = "com.apple.product-type.bundle.ui-testing";
		};
/* End PBXNativeTarget section */

/* Begin PBXProject section */
		EA46FBF0283BD13D00536502 /* Project object */ = {
			isa = PBXProject;
			attributes = {
				BuildIndependentTargetsInParallel = 1;
				LastSwiftUpdateCheck = 1340;
				LastUpgradeCheck = 1340;
				TargetAttributes = {
					EA46FBF7283BD13D00536502 = {
						CreatedOnToolsVersion = 13.4;
					};
					EA46FC10283BD13E00536502 = {
						CreatedOnToolsVersion = 13.4;
						TestTargetID = EA46FBF7283BD13D00536502;
					};
					EA46FC1A283BD13E00536502 = {
						CreatedOnToolsVersion = 13.4;
						TestTargetID = EA46FBF7283BD13D00536502;
					};
				};
			};
			buildConfigurationList = EA46FBF3283BD13D00536502 /* Build configuration list for PBXProject "TicketsUiKit" */;
			compatibilityVersion = "Xcode 13.0";
			developmentRegion = en;
			hasScannedForEncodings = 0;
			knownRegions = (
				en,
				Base,
			);
			mainGroup = EA46FBEF283BD13D00536502;
			packageReferences = (
				EA46FC2E283BD27200536502 /* XCRemoteSwiftPackageReference "ObjectMapper" */,
				EA46FC31283BD2A200536502 /* XCRemoteSwiftPackageReference "Alamofire" */,
				EA46FC34283BD2C700536502 /* XCRemoteSwiftPackageReference "SDWebImageSwiftUI" */,
			);
			productRefGroup = EA46FBF9283BD13D00536502 /* Products */;
			projectDirPath = "";
			projectRoot = "";
			targets = (
				EA46FBF7283BD13D00536502 /* TicketsUiKit */,
				EA46FC10283BD13E00536502 /* TicketsUiKitTests */,
				EA46FC1A283BD13E00536502 /* TicketsUiKitUITests */,
			);
		};
/* End PBXProject section */

/* Begin PBXResourcesBuildPhase section */
		EA46FBF6283BD13D00536502 /* Resources */ = {
			isa = PBXResourcesBuildPhase;
			buildActionMask = 2147483647;
			files = (
				EA36DD83283CF0690050D571 /* EventView.xib in Resources */,
				EA46FC3D283BD34100536502 /* Montserrat-Bold.ttf in Resources */,
				EA46FCB2283C0F7800536502 /* DiscountCell.xib in Resources */,
				EA46FC0B283BD13D00536502 /* LaunchScreen.storyboard in Resources */,
				EA46FC08283BD13D00536502 /* Assets.xcassets in Resources */,
				EA46FC3E283BD34100536502 /* Montserrat-Regular.ttf in Resources */,
				EA46FC03283BD13D00536502 /* Main.storyboard in Resources */,
				EA36DD94283D236E0050D571 /* ExpiredEventViewCell.xib in Resources */,
				EA36DD99283D2C8E0050D571 /* ActionCell.xib in Resources */,
			);
			runOnlyForDeploymentPostprocessing = 0;
		};
		EA46FC0F283BD13E00536502 /* Resources */ = {
			isa = PBXResourcesBuildPhase;
			buildActionMask = 2147483647;
			files = (
				EA4021FE283F7F7700FEAF55 /* Concerts.json in Resources */,
			);
			runOnlyForDeploymentPostprocessing = 0;
		};
		EA46FC19283BD13E00536502 /* Resources */ = {
			isa = PBXResourcesBuildPhase;
			buildActionMask = 2147483647;
			files = (
			);
			runOnlyForDeploymentPostprocessing = 0;
		};
/* End PBXResourcesBuildPhase section */

/* Begin PBXSourcesBuildPhase section */
		EA46FBF4283BD13D00536502 /* Sources */ = {
			isa = PBXSourcesBuildPhase;
			buildActionMask = 2147483647;
			files = (
				EA3EB3F1283E0B12004D0890 /* FilterByCell.swift in Sources */,
				EA46FC00283BD13D00536502 /* ViewController.swift in Sources */,
				EA36DD98283D2C8E0050D571 /* ActionCell.swift in Sources */,
				EA3EB3EF283E0ADB004D0890 /* ActionButtonsCell.swift in Sources */,
				EA36DD90283D17760050D571 /* ExpiredListTableCellTableViewCell.swift in Sources */,
				EA36DDAC283D65D50050D571 /* EventDetailCell.swift in Sources */,
				EA46FC93283BE52800536502 /* EventDiscountPair.swift in Sources */,
				EA3EB3F5283E4980004D0890 /* UIController+CustomBackButton.swift in Sources */,
				EA46FCA2283BF35E00536502 /* HomeViewController.swift in Sources */,
				EA46FBFC283BD13D00536502 /* AppDelegate.swift in Sources */,
				EA36DD85283CFF610050D571 /* UpcomingEventViewTableViewCell.swift in Sources */,
				EA3EB3F3283E1577004D0890 /* AdminCellType.swift in Sources */,
				EA46FC5B283BE32C00536502 /* ApiManagerProtocol.swift in Sources */,
				EA46FC49283BE2B900536502 /* CoreDataHelper.swift in Sources */,
				EA46FC8B283BE49200536502 /* EventsStoreService.swift in Sources */,
				EA46FC3C283BD34100536502 /* FontUtils.swift in Sources */,
				EA46FC47283BE2B900536502 /* Entity+ValueInit.swift in Sources */,
				EA36DDA8283D65980050D571 /* TitleCell.swift in Sources */,
				EA36DD81283CF0530050D571 /* EventView.swift in Sources */,
				EA46FC78283BE3CD00536502 /* FormatUtils.swift in Sources */,
				EA36DD7A283CBA190050D571 /* UIView+Shadow.swift in Sources */,
				EA46FC7C283BE3CD00536502 /* ApiUtils.swift in Sources */,
				EA46FC9F283BEA7F00536502 /* RoundedText.swift in Sources */,
				EA36DD7C283CE8CB0050D571 /* InsetLabel.swift in Sources */,
				EA3EB3F8283E5F41004D0890 /* EditEventViewController.swift in Sources */,
				EA46FC6E283BE39B00536502 /* EventContainer.swift in Sources */,
				EA46FC61283BE32C00536502 /* EventsRequest.swift in Sources */,
				EA46FC65283BE32C00536502 /* RequestType.swift in Sources */,
				EA36DD9E283D4B460050D571 /* DetailsViewModel.swift in Sources */,
				EA46FC59283BE32C00536502 /* RequestManager.swift in Sources */,
				EA46FC72283BE39B00536502 /* MockEvents.swift in Sources */,
				EA3EB3ED283E0AC8004D0890 /* AdminEventCell.swift in Sources */,
				EA36DDA4283D50970050D571 /* DetailViewController.swift in Sources */,
				EA46FC57283BE32C00536502 /* ApiConstants.swift in Sources */,
				EA3EB3EA283DFF6D004D0890 /* AdminViewController.swift in Sources */,
				EA46FCB4283C1D4800536502 /* DiscountListTableCell.swift in Sources */,
				EA46FC63283BE32C00536502 /* RequestProtocol.swift in Sources */,
				EA46FC89283BE49200536502 /* FetchEventsService.swift in Sources */,
				EA46FC70283BE39B00536502 /* Type.swift in Sources */,
				EA46FC6C283BE39B00536502 /* Payload.swift in Sources */,
				EA36DDA1283D4C300050D571 /* EventPresentationModel.swift in Sources */,
				EA46FC43283BE23E00536502 /* Persistence.swift in Sources */,
				EA46FC5D283BE32C00536502 /* NetworkError.swift in Sources */,
				EA4021DE283F5C7200FEAF55 /* Date+Tomorrow.swift in Sources */,
				EA46FCB1283C0F7800536502 /* DiscountCell.swift in Sources */,
				EA46FC90283BE4F800536502 /* AdminViewModel.swift in Sources */,
				EA46FC85283BE49200536502 /* HomeViewModel.swift in Sources */,
				EA46FC5F283BE32C00536502 /* DataParser.swift in Sources */,
				EA46FC98283BE56800536502 /* EditEventViewModel.swift in Sources */,
				EA36DD93283D236E0050D571 /* ExpiredEventViewCell.swift in Sources */,
				EA46FC7A283BE3CD00536502 /* ColorUtils.swift in Sources */,
				EA46FC06283BD13D00536502 /* Tickets.xcdatamodeld in Sources */,
				EA46FBFE283BD13D00536502 /* SceneDelegate.swift in Sources */,
				EA36DDAA283D65AC0050D571 /* EventDescriptionCell.swift in Sources */,
			);
			runOnlyForDeploymentPostprocessing = 0;
		};
		EA46FC0D283BD13E00536502 /* Sources */ = {
			isa = PBXSourcesBuildPhase;
			buildActionMask = 2147483647;
			files = (
				EA46FC8C283BE49200536502 /* EventsStoreService.swift in Sources */,
				EA402201283F7FE600FEAF55 /* HomeViewModelTests.swift in Sources */,
				EA46FC94283BE52800536502 /* EventDiscountPair.swift in Sources */,
				EA4021EE283F7DD900FEAF55 /* TestEventFetcherMock.swift in Sources */,
				EA46FC62283BE32C00536502 /* EventsRequest.swift in Sources */,
				EA46FC99283BE56800536502 /* EditEventViewModel.swift in Sources */,
				EA46FC48283BE2B900536502 /* Entity+ValueInit.swift in Sources */,
				EA46FC6D283BE39B00536502 /* Payload.swift in Sources */,
				EA36DDA2283D4C300050D571 /* EventPresentationModel.swift in Sources */,
				EA46FC86283BE49200536502 /* HomeViewModel.swift in Sources */,
				EA46FC7D283BE3CD00536502 /* ApiUtils.swift in Sources */,
				EA402205283F861C00FEAF55 /* UIView+Shadow.swift in Sources */,
				EA46FC5E283BE32C00536502 /* NetworkError.swift in Sources */,
				EA4021F7283F7EA500FEAF55 /* EventDescriptionCell.swift in Sources */,
				EA4021F5283F7E9C00FEAF55 /* TitleCell.swift in Sources */,
				EA46FC6F283BE39B00536502 /* EventContainer.swift in Sources */,
				EA46FC91283BE4F800536502 /* AdminViewModel.swift in Sources */,
				EA46FC71283BE39B00536502 /* Type.swift in Sources */,
				EA46FC16283BD13E00536502 /* TicketsUiKitTests.swift in Sources */,
				EA36DDA5283D50970050D571 /* DetailViewController.swift in Sources */,
				EA46FC58283BE32C00536502 /* ApiConstants.swift in Sources */,
				EA46FC5C283BE32C00536502 /* ApiManagerProtocol.swift in Sources */,
				EA46FC7B283BE3CD00536502 /* ColorUtils.swift in Sources */,
				EA4021EF283F7DD900FEAF55 /* ApiManagerMock.swift in Sources */,
				EA46FC64283BE32C00536502 /* RequestProtocol.swift in Sources */,
				EA4021F0283F7DD900FEAF55 /* RequestManagerTests.swift in Sources */,
				EA4021F3283F7E9000FEAF55 /* FontUtils.swift in Sources */,
				EA36DD9F283D4B460050D571 /* DetailsViewModel.swift in Sources */,
				EA40220B283F883A00FEAF55 /* TestEditViewModel.swift in Sources */,
				EA46FC8A283BE49200536502 /* FetchEventsService.swift in Sources */,
				EA4021FB283F7ED100FEAF55 /* UIController+CustomBackButton.swift in Sources */,
				EA46FC79283BE3CD00536502 /* FormatUtils.swift in Sources */,
				EA402204283F802400FEAF55 /* AdminViewModelTests.swift in Sources */,
				EA46FC73283BE39B00536502 /* MockEvents.swift in Sources */,
				EA4021F9283F7EAD00FEAF55 /* EventDetailCell.swift in Sources */,
				EA4021EB283F7DD900FEAF55 /* CoreDataTests.swift in Sources */,
				EA4021F1283F7E4C00FEAF55 /* Tickets.xcdatamodeld in Sources */,
				EA46FC5A283BE32C00536502 /* RequestManager.swift in Sources */,
				EA4021ED283F7DD900FEAF55 /* EventsRequestMock.swift in Sources */,
				EA46FC4A283BE2B900536502 /* CoreDataHelper.swift in Sources */,
				EA46FC44283BE23E00536502 /* Persistence.swift in Sources */,
				EA46FC60283BE32C00536502 /* DataParser.swift in Sources */,
				EA46FC66283BE32C00536502 /* RequestType.swift in Sources */,
				EA4021EC283F7DD900FEAF55 /* PersistenceTest.swift in Sources */,
			);
			runOnlyForDeploymentPostprocessing = 0;
		};
		EA46FC17283BD13E00536502 /* Sources */ = {
			isa = PBXSourcesBuildPhase;
			buildActionMask = 2147483647;
			files = (
				EA46FC20283BD13E00536502 /* TicketsUiKitUITests.swift in Sources */,
				EA4021FA283F7EAE00FEAF55 /* EventDetailCell.swift in Sources */,
				EA46FC22283BD13E00536502 /* TicketsUiKitUITestsLaunchTests.swift in Sources */,
				EA4021FC283F7ED100FEAF55 /* UIController+CustomBackButton.swift in Sources */,
				EA4021F6283F7E9C00FEAF55 /* TitleCell.swift in Sources */,
				EA4021F4283F7E9100FEAF55 /* FontUtils.swift in Sources */,
				EA4021F2283F7E4E00FEAF55 /* Tickets.xcdatamodeld in Sources */,
				EA4021F8283F7EA600FEAF55 /* EventDescriptionCell.swift in Sources */,
			);
			runOnlyForDeploymentPostprocessing = 0;
		};
/* End PBXSourcesBuildPhase section */

/* Begin PBXTargetDependency section */
		EA46FC13283BD13E00536502 /* PBXTargetDependency */ = {
			isa = PBXTargetDependency;
			target = EA46FBF7283BD13D00536502 /* TicketsUiKit */;
			targetProxy = EA46FC12283BD13E00536502 /* PBXContainerItemProxy */;
		};
		EA46FC1D283BD13E00536502 /* PBXTargetDependency */ = {
			isa = PBXTargetDependency;
			target = EA46FBF7283BD13D00536502 /* TicketsUiKit */;
			targetProxy = EA46FC1C283BD13E00536502 /* PBXContainerItemProxy */;
		};
/* End PBXTargetDependency section */

/* Begin PBXVariantGroup section */
		EA46FC01283BD13D00536502 /* Main.storyboard */ = {
			isa = PBXVariantGroup;
			children = (
				EA46FC02283BD13D00536502 /* Base */,
			);
			name = Main.storyboard;
			sourceTree = "<group>";
		};
		EA46FC09283BD13D00536502 /* LaunchScreen.storyboard */ = {
			isa = PBXVariantGroup;
			children = (
				EA46FC0A283BD13D00536502 /* Base */,
			);
			name = LaunchScreen.storyboard;
			sourceTree = "<group>";
		};
/* End PBXVariantGroup section */

/* Begin XCBuildConfiguration section */
		EA46FC23283BD13E00536502 /* Debug */ = {
			isa = XCBuildConfiguration;
			buildSettings = {
				ALWAYS_SEARCH_USER_PATHS = NO;
				CLANG_ANALYZER_NONNULL = YES;
				CLANG_ANALYZER_NUMBER_OBJECT_CONVERSION = YES_AGGRESSIVE;
				CLANG_CXX_LANGUAGE_STANDARD = "gnu++17";
				CLANG_ENABLE_MODULES = YES;
				CLANG_ENABLE_OBJC_ARC = YES;
				CLANG_ENABLE_OBJC_WEAK = YES;
				CLANG_WARN_BLOCK_CAPTURE_AUTORELEASING = YES;
				CLANG_WARN_BOOL_CONVERSION = YES;
				CLANG_WARN_COMMA = YES;
				CLANG_WARN_CONSTANT_CONVERSION = YES;
				CLANG_WARN_DEPRECATED_OBJC_IMPLEMENTATIONS = YES;
				CLANG_WARN_DIRECT_OBJC_ISA_USAGE = YES_ERROR;
				CLANG_WARN_DOCUMENTATION_COMMENTS = YES;
				CLANG_WARN_EMPTY_BODY = YES;
				CLANG_WARN_ENUM_CONVERSION = YES;
				CLANG_WARN_INFINITE_RECURSION = YES;
				CLANG_WARN_INT_CONVERSION = YES;
				CLANG_WARN_NON_LITERAL_NULL_CONVERSION = YES;
				CLANG_WARN_OBJC_IMPLICIT_RETAIN_SELF = YES;
				CLANG_WARN_OBJC_LITERAL_CONVERSION = YES;
				CLANG_WARN_OBJC_ROOT_CLASS = YES_ERROR;
				CLANG_WARN_QUOTED_INCLUDE_IN_FRAMEWORK_HEADER = YES;
				CLANG_WARN_RANGE_LOOP_ANALYSIS = YES;
				CLANG_WARN_STRICT_PROTOTYPES = YES;
				CLANG_WARN_SUSPICIOUS_MOVE = YES;
				CLANG_WARN_UNGUARDED_AVAILABILITY = YES_AGGRESSIVE;
				CLANG_WARN_UNREACHABLE_CODE = YES;
				CLANG_WARN__DUPLICATE_METHOD_MATCH = YES;
				COPY_PHASE_STRIP = NO;
				DEBUG_INFORMATION_FORMAT = dwarf;
				ENABLE_STRICT_OBJC_MSGSEND = YES;
				ENABLE_TESTABILITY = YES;
				GCC_C_LANGUAGE_STANDARD = gnu11;
				GCC_DYNAMIC_NO_PIC = NO;
				GCC_NO_COMMON_BLOCKS = YES;
				GCC_OPTIMIZATION_LEVEL = 0;
				GCC_PREPROCESSOR_DEFINITIONS = (
					"DEBUG=1",
					"$(inherited)",
				);
				GCC_WARN_64_TO_32_BIT_CONVERSION = YES;
				GCC_WARN_ABOUT_RETURN_TYPE = YES_ERROR;
				GCC_WARN_UNDECLARED_SELECTOR = YES;
				GCC_WARN_UNINITIALIZED_AUTOS = YES_AGGRESSIVE;
				GCC_WARN_UNUSED_FUNCTION = YES;
				GCC_WARN_UNUSED_VARIABLE = YES;
				IPHONEOS_DEPLOYMENT_TARGET = 15.0;
				MTL_ENABLE_DEBUG_INFO = INCLUDE_SOURCE;
				MTL_FAST_MATH = YES;
				ONLY_ACTIVE_ARCH = YES;
				SDKROOT = iphoneos;
				SWIFT_ACTIVE_COMPILATION_CONDITIONS = DEBUG;
				SWIFT_OPTIMIZATION_LEVEL = "-Onone";
			};
			name = Debug;
		};
		EA46FC24283BD13E00536502 /* Release */ = {
			isa = XCBuildConfiguration;
			buildSettings = {
				ALWAYS_SEARCH_USER_PATHS = NO;
				CLANG_ANALYZER_NONNULL = YES;
				CLANG_ANALYZER_NUMBER_OBJECT_CONVERSION = YES_AGGRESSIVE;
				CLANG_CXX_LANGUAGE_STANDARD = "gnu++17";
				CLANG_ENABLE_MODULES = YES;
				CLANG_ENABLE_OBJC_ARC = YES;
				CLANG_ENABLE_OBJC_WEAK = YES;
				CLANG_WARN_BLOCK_CAPTURE_AUTORELEASING = YES;
				CLANG_WARN_BOOL_CONVERSION = YES;
				CLANG_WARN_COMMA = YES;
				CLANG_WARN_CONSTANT_CONVERSION = YES;
				CLANG_WARN_DEPRECATED_OBJC_IMPLEMENTATIONS = YES;
				CLANG_WARN_DIRECT_OBJC_ISA_USAGE = YES_ERROR;
				CLANG_WARN_DOCUMENTATION_COMMENTS = YES;
				CLANG_WARN_EMPTY_BODY = YES;
				CLANG_WARN_ENUM_CONVERSION = YES;
				CLANG_WARN_INFINITE_RECURSION = YES;
				CLANG_WARN_INT_CONVERSION = YES;
				CLANG_WARN_NON_LITERAL_NULL_CONVERSION = YES;
				CLANG_WARN_OBJC_IMPLICIT_RETAIN_SELF = YES;
				CLANG_WARN_OBJC_LITERAL_CONVERSION = YES;
				CLANG_WARN_OBJC_ROOT_CLASS = YES_ERROR;
				CLANG_WARN_QUOTED_INCLUDE_IN_FRAMEWORK_HEADER = YES;
				CLANG_WARN_RANGE_LOOP_ANALYSIS = YES;
				CLANG_WARN_STRICT_PROTOTYPES = YES;
				CLANG_WARN_SUSPICIOUS_MOVE = YES;
				CLANG_WARN_UNGUARDED_AVAILABILITY = YES_AGGRESSIVE;
				CLANG_WARN_UNREACHABLE_CODE = YES;
				CLANG_WARN__DUPLICATE_METHOD_MATCH = YES;
				COPY_PHASE_STRIP = NO;
				DEBUG_INFORMATION_FORMAT = "dwarf-with-dsym";
				ENABLE_NS_ASSERTIONS = NO;
				ENABLE_STRICT_OBJC_MSGSEND = YES;
				GCC_C_LANGUAGE_STANDARD = gnu11;
				GCC_NO_COMMON_BLOCKS = YES;
				GCC_WARN_64_TO_32_BIT_CONVERSION = YES;
				GCC_WARN_ABOUT_RETURN_TYPE = YES_ERROR;
				GCC_WARN_UNDECLARED_SELECTOR = YES;
				GCC_WARN_UNINITIALIZED_AUTOS = YES_AGGRESSIVE;
				GCC_WARN_UNUSED_FUNCTION = YES;
				GCC_WARN_UNUSED_VARIABLE = YES;
				IPHONEOS_DEPLOYMENT_TARGET = 15.0;
				MTL_ENABLE_DEBUG_INFO = NO;
				MTL_FAST_MATH = YES;
				SDKROOT = iphoneos;
				SWIFT_COMPILATION_MODE = wholemodule;
				SWIFT_OPTIMIZATION_LEVEL = "-O";
				VALIDATE_PRODUCT = YES;
			};
			name = Release;
		};
		EA46FC26283BD13E00536502 /* Debug */ = {
			isa = XCBuildConfiguration;
			buildSettings = {
				ASSETCATALOG_COMPILER_APPICON_NAME = AppIcon;
				ASSETCATALOG_COMPILER_GLOBAL_ACCENT_COLOR_NAME = AccentColor;
				CODE_SIGN_STYLE = Automatic;
				CURRENT_PROJECT_VERSION = 1;
				DEVELOPMENT_TEAM = X3YQMW7J98;
				GENERATE_INFOPLIST_FILE = YES;
				INFOPLIST_FILE = TicketsUiKit/Info.plist;
				INFOPLIST_KEY_UIApplicationSupportsIndirectInputEvents = YES;
				INFOPLIST_KEY_UILaunchStoryboardName = LaunchScreen;
				INFOPLIST_KEY_UIMainStoryboardFile = Main;
				INFOPLIST_KEY_UISupportedInterfaceOrientations = UIInterfaceOrientationPortrait;
				INFOPLIST_KEY_UISupportedInterfaceOrientations_iPad = "UIInterfaceOrientationPortrait UIInterfaceOrientationPortraitUpsideDown UIInterfaceOrientationLandscapeLeft UIInterfaceOrientationLandscapeRight";
				INFOPLIST_KEY_UISupportedInterfaceOrientations_iPhone = "UIInterfaceOrientationPortrait UIInterfaceOrientationLandscapeLeft UIInterfaceOrientationLandscapeRight";
				LD_RUNPATH_SEARCH_PATHS = (
					"$(inherited)",
					"@executable_path/Frameworks",
				);
				MARKETING_VERSION = 1.0;
				PRODUCT_BUNDLE_IDENTIFIER = rs.alienlabs.TicketsUiKit;
				PRODUCT_NAME = "$(TARGET_NAME)";
				SWIFT_EMIT_LOC_STRINGS = YES;
				SWIFT_VERSION = 5.0;
				TARGETED_DEVICE_FAMILY = 1;
			};
			name = Debug;
		};
		EA46FC27283BD13E00536502 /* Release */ = {
			isa = XCBuildConfiguration;
			buildSettings = {
				ASSETCATALOG_COMPILER_APPICON_NAME = AppIcon;
				ASSETCATALOG_COMPILER_GLOBAL_ACCENT_COLOR_NAME = AccentColor;
				CODE_SIGN_STYLE = Automatic;
				CURRENT_PROJECT_VERSION = 1;
				DEVELOPMENT_TEAM = X3YQMW7J98;
				GENERATE_INFOPLIST_FILE = YES;
				INFOPLIST_FILE = TicketsUiKit/Info.plist;
				INFOPLIST_KEY_UIApplicationSupportsIndirectInputEvents = YES;
				INFOPLIST_KEY_UILaunchStoryboardName = LaunchScreen;
				INFOPLIST_KEY_UIMainStoryboardFile = Main;
				INFOPLIST_KEY_UISupportedInterfaceOrientations = UIInterfaceOrientationPortrait;
				INFOPLIST_KEY_UISupportedInterfaceOrientations_iPad = "UIInterfaceOrientationPortrait UIInterfaceOrientationPortraitUpsideDown UIInterfaceOrientationLandscapeLeft UIInterfaceOrientationLandscapeRight";
				INFOPLIST_KEY_UISupportedInterfaceOrientations_iPhone = "UIInterfaceOrientationPortrait UIInterfaceOrientationLandscapeLeft UIInterfaceOrientationLandscapeRight";
				LD_RUNPATH_SEARCH_PATHS = (
					"$(inherited)",
					"@executable_path/Frameworks",
				);
				MARKETING_VERSION = 1.0;
				PRODUCT_BUNDLE_IDENTIFIER = rs.alienlabs.TicketsUiKit;
				PRODUCT_NAME = "$(TARGET_NAME)";
				SWIFT_EMIT_LOC_STRINGS = YES;
				SWIFT_VERSION = 5.0;
				TARGETED_DEVICE_FAMILY = 1;
			};
			name = Release;
		};
		EA46FC29283BD13E00536502 /* Debug */ = {
			isa = XCBuildConfiguration;
			buildSettings = {
				ALWAYS_EMBED_SWIFT_STANDARD_LIBRARIES = YES;
				BUNDLE_LOADER = "$(TEST_HOST)";
				CODE_SIGN_STYLE = Automatic;
				CURRENT_PROJECT_VERSION = 1;
				DEVELOPMENT_TEAM = X3YQMW7J98;
				GENERATE_INFOPLIST_FILE = YES;
				IPHONEOS_DEPLOYMENT_TARGET = 15.5;
				MARKETING_VERSION = 1.0;
				PRODUCT_BUNDLE_IDENTIFIER = rs.alienlabs.TicketsUiKitTests;
				PRODUCT_NAME = "$(TARGET_NAME)";
				SWIFT_EMIT_LOC_STRINGS = NO;
				SWIFT_VERSION = 5.0;
				TARGETED_DEVICE_FAMILY = "1,2";
				TEST_HOST = "$(BUILT_PRODUCTS_DIR)/TicketsUiKit.app/TicketsUiKit";
			};
			name = Debug;
		};
		EA46FC2A283BD13E00536502 /* Release */ = {
			isa = XCBuildConfiguration;
			buildSettings = {
				ALWAYS_EMBED_SWIFT_STANDARD_LIBRARIES = YES;
				BUNDLE_LOADER = "$(TEST_HOST)";
				CODE_SIGN_STYLE = Automatic;
				CURRENT_PROJECT_VERSION = 1;
				DEVELOPMENT_TEAM = X3YQMW7J98;
				GENERATE_INFOPLIST_FILE = YES;
				IPHONEOS_DEPLOYMENT_TARGET = 15.5;
				MARKETING_VERSION = 1.0;
				PRODUCT_BUNDLE_IDENTIFIER = rs.alienlabs.TicketsUiKitTests;
				PRODUCT_NAME = "$(TARGET_NAME)";
				SWIFT_EMIT_LOC_STRINGS = NO;
				SWIFT_VERSION = 5.0;
				TARGETED_DEVICE_FAMILY = "1,2";
				TEST_HOST = "$(BUILT_PRODUCTS_DIR)/TicketsUiKit.app/TicketsUiKit";
			};
			name = Release;
		};
		EA46FC2C283BD13E00536502 /* Debug */ = {
			isa = XCBuildConfiguration;
			buildSettings = {
				ALWAYS_EMBED_SWIFT_STANDARD_LIBRARIES = YES;
				CODE_SIGN_STYLE = Automatic;
				CURRENT_PROJECT_VERSION = 1;
				DEVELOPMENT_TEAM = X3YQMW7J98;
				GENERATE_INFOPLIST_FILE = YES;
				MARKETING_VERSION = 1.0;
				PRODUCT_BUNDLE_IDENTIFIER = rs.alienlabs.TicketsUiKitUITests;
				PRODUCT_NAME = "$(TARGET_NAME)";
				SWIFT_EMIT_LOC_STRINGS = NO;
				SWIFT_VERSION = 5.0;
				TARGETED_DEVICE_FAMILY = "1,2";
				TEST_TARGET_NAME = TicketsUiKit;
			};
			name = Debug;
		};
		EA46FC2D283BD13E00536502 /* Release */ = {
			isa = XCBuildConfiguration;
			buildSettings = {
				ALWAYS_EMBED_SWIFT_STANDARD_LIBRARIES = YES;
				CODE_SIGN_STYLE = Automatic;
				CURRENT_PROJECT_VERSION = 1;
				DEVELOPMENT_TEAM = X3YQMW7J98;
				GENERATE_INFOPLIST_FILE = YES;
				MARKETING_VERSION = 1.0;
				PRODUCT_BUNDLE_IDENTIFIER = rs.alienlabs.TicketsUiKitUITests;
				PRODUCT_NAME = "$(TARGET_NAME)";
				SWIFT_EMIT_LOC_STRINGS = NO;
				SWIFT_VERSION = 5.0;
				TARGETED_DEVICE_FAMILY = "1,2";
				TEST_TARGET_NAME = TicketsUiKit;
			};
			name = Release;
		};
/* End XCBuildConfiguration section */

/* Begin XCConfigurationList section */
		EA46FBF3283BD13D00536502 /* Build configuration list for PBXProject "TicketsUiKit" */ = {
			isa = XCConfigurationList;
			buildConfigurations = (
				EA46FC23283BD13E00536502 /* Debug */,
				EA46FC24283BD13E00536502 /* Release */,
			);
			defaultConfigurationIsVisible = 0;
			defaultConfigurationName = Release;
		};
		EA46FC25283BD13E00536502 /* Build configuration list for PBXNativeTarget "TicketsUiKit" */ = {
			isa = XCConfigurationList;
			buildConfigurations = (
				EA46FC26283BD13E00536502 /* Debug */,
				EA46FC27283BD13E00536502 /* Release */,
			);
			defaultConfigurationIsVisible = 0;
			defaultConfigurationName = Release;
		};
		EA46FC28283BD13E00536502 /* Build configuration list for PBXNativeTarget "TicketsUiKitTests" */ = {
			isa = XCConfigurationList;
			buildConfigurations = (
				EA46FC29283BD13E00536502 /* Debug */,
				EA46FC2A283BD13E00536502 /* Release */,
			);
			defaultConfigurationIsVisible = 0;
			defaultConfigurationName = Release;
		};
		EA46FC2B283BD13E00536502 /* Build configuration list for PBXNativeTarget "TicketsUiKitUITests" */ = {
			isa = XCConfigurationList;
			buildConfigurations = (
				EA46FC2C283BD13E00536502 /* Debug */,
				EA46FC2D283BD13E00536502 /* Release */,
			);
			defaultConfigurationIsVisible = 0;
			defaultConfigurationName = Release;
		};
/* End XCConfigurationList section */

/* Begin XCRemoteSwiftPackageReference section */
		EA46FC2E283BD27200536502 /* XCRemoteSwiftPackageReference "ObjectMapper" */ = {
			isa = XCRemoteSwiftPackageReference;
			repositoryURL = "https://github.com/tristanhimmelman/ObjectMapper.git";
			requirement = {
				branch = master;
				kind = branch;
			};
		};
		EA46FC31283BD2A200536502 /* XCRemoteSwiftPackageReference "Alamofire" */ = {
			isa = XCRemoteSwiftPackageReference;
			repositoryURL = "https://github.com/Alamofire/Alamofire";
			requirement = {
				branch = master;
				kind = branch;
			};
		};
		EA46FC34283BD2C700536502 /* XCRemoteSwiftPackageReference "SDWebImageSwiftUI" */ = {
			isa = XCRemoteSwiftPackageReference;
			repositoryURL = "https://github.com/SDWebImage/SDWebImageSwiftUI";
			requirement = {
				kind = upToNextMajorVersion;
				minimumVersion = 2.0.0;
			};
		};
/* End XCRemoteSwiftPackageReference section */

/* Begin XCSwiftPackageProductDependency section */
		EA46FC2F283BD27200536502 /* ObjectMapper */ = {
			isa = XCSwiftPackageProductDependency;
			package = EA46FC2E283BD27200536502 /* XCRemoteSwiftPackageReference "ObjectMapper" */;
			productName = ObjectMapper;
		};
		EA46FC32283BD2A200536502 /* Alamofire */ = {
			isa = XCSwiftPackageProductDependency;
			package = EA46FC31283BD2A200536502 /* XCRemoteSwiftPackageReference "Alamofire" */;
			productName = Alamofire;
		};
		EA46FC35283BD2C700536502 /* SDWebImageSwiftUI */ = {
			isa = XCSwiftPackageProductDependency;
			package = EA46FC34283BD2C700536502 /* XCRemoteSwiftPackageReference "SDWebImageSwiftUI" */;
			productName = SDWebImageSwiftUI;
		};
/* End XCSwiftPackageProductDependency section */

/* Begin XCVersionGroup section */
		EA46FC04283BD13D00536502 /* Tickets.xcdatamodeld */ = {
			isa = XCVersionGroup;
			children = (
				EA46FC05283BD13D00536502 /* TicketsUiKit.xcdatamodel */,
			);
			currentVersion = EA46FC05283BD13D00536502 /* TicketsUiKit.xcdatamodel */;
			path = Tickets.xcdatamodeld;
			sourceTree = "<group>";
			versionGroupType = wrapper.xcdatamodel;
		};
/* End XCVersionGroup section */
	};
	rootObject = EA46FBF0283BD13D00536502 /* Project object */;
}
