// !$*UTF8*$!
{
	archiveVersion = 1;
	classes = {
	};
	objectVersion = 55;
	objects = {

/* Begin PBXBuildFile section */
		EA3DC43128352EA200F6FD19 /* Tests_iOS.swift in Sources */ = {isa = PBXBuildFile; fileRef = EA3DC43028352EA200F6FD19 /* Tests_iOS.swift */; };
		EA3DC43328352EA200F6FD19 /* Tests_iOSLaunchTests.swift in Sources */ = {isa = PBXBuildFile; fileRef = EA3DC43228352EA200F6FD19 /* Tests_iOSLaunchTests.swift */; };
		EA3DC43D28352EA200F6FD19 /* Tests_macOS.swift in Sources */ = {isa = PBXBuildFile; fileRef = EA3DC43C28352EA200F6FD19 /* Tests_macOS.swift */; };
		EA3DC43F28352EA200F6FD19 /* Tests_macOSLaunchTests.swift in Sources */ = {isa = PBXBuildFile; fileRef = EA3DC43E28352EA200F6FD19 /* Tests_macOSLaunchTests.swift */; };
		EA3DC44028352EA200F6FD19 /* Tickets.xcdatamodeld in Sources */ = {isa = PBXBuildFile; fileRef = EA3DC41528352EA100F6FD19 /* Tickets.xcdatamodeld */; };
		EA3DC44128352EA200F6FD19 /* Tickets.xcdatamodeld in Sources */ = {isa = PBXBuildFile; fileRef = EA3DC41528352EA100F6FD19 /* Tickets.xcdatamodeld */; };
		EA3DC44228352EA200F6FD19 /* TicketsApp.swift in Sources */ = {isa = PBXBuildFile; fileRef = EA3DC41728352EA100F6FD19 /* TicketsApp.swift */; };
		EA3DC44328352EA200F6FD19 /* TicketsApp.swift in Sources */ = {isa = PBXBuildFile; fileRef = EA3DC41728352EA100F6FD19 /* TicketsApp.swift */; };
		EA3DC44428352EA200F6FD19 /* ContentView.swift in Sources */ = {isa = PBXBuildFile; fileRef = EA3DC41828352EA100F6FD19 /* ContentView.swift */; };
		EA3DC44528352EA200F6FD19 /* ContentView.swift in Sources */ = {isa = PBXBuildFile; fileRef = EA3DC41828352EA100F6FD19 /* ContentView.swift */; };
		EA3DC44628352EA200F6FD19 /* Persistence.swift in Sources */ = {isa = PBXBuildFile; fileRef = EA3DC41928352EA100F6FD19 /* Persistence.swift */; };
		EA3DC44728352EA200F6FD19 /* Persistence.swift in Sources */ = {isa = PBXBuildFile; fileRef = EA3DC41928352EA100F6FD19 /* Persistence.swift */; };
		EA3DC44828352EA200F6FD19 /* Assets.xcassets in Resources */ = {isa = PBXBuildFile; fileRef = EA3DC41A28352EA200F6FD19 /* Assets.xcassets */; };
		EA3DC44928352EA200F6FD19 /* Assets.xcassets in Resources */ = {isa = PBXBuildFile; fileRef = EA3DC41A28352EA200F6FD19 /* Assets.xcassets */; };
/* End PBXBuildFile section */

/* Begin PBXContainerItemProxy section */
		EA3DC42D28352EA200F6FD19 /* PBXContainerItemProxy */ = {
			isa = PBXContainerItemProxy;
			containerPortal = EA3DC41028352EA100F6FD19 /* Project object */;
			proxyType = 1;
			remoteGlobalIDString = EA3DC41E28352EA200F6FD19;
			remoteInfo = "Tickets (iOS)";
		};
		EA3DC43928352EA200F6FD19 /* PBXContainerItemProxy */ = {
			isa = PBXContainerItemProxy;
			containerPortal = EA3DC41028352EA100F6FD19 /* Project object */;
			proxyType = 1;
			remoteGlobalIDString = EA3DC42428352EA200F6FD19;
			remoteInfo = "Tickets (macOS)";
		};
/* End PBXContainerItemProxy section */

/* Begin PBXFileReference section */
		EA3DC41628352EA100F6FD19 /* Shared.xcdatamodel */ = {isa = PBXFileReference; lastKnownFileType = wrapper.xcdatamodel; path = Shared.xcdatamodel; sourceTree = "<group>"; };
		EA3DC41728352EA100F6FD19 /* TicketsApp.swift */ = {isa = PBXFileReference; lastKnownFileType = sourcecode.swift; path = TicketsApp.swift; sourceTree = "<group>"; };
		EA3DC41828352EA100F6FD19 /* ContentView.swift */ = {isa = PBXFileReference; lastKnownFileType = sourcecode.swift; path = ContentView.swift; sourceTree = "<group>"; };
		EA3DC41928352EA100F6FD19 /* Persistence.swift */ = {isa = PBXFileReference; lastKnownFileType = sourcecode.swift; path = Persistence.swift; sourceTree = "<group>"; };
		EA3DC41A28352EA200F6FD19 /* Assets.xcassets */ = {isa = PBXFileReference; lastKnownFileType = folder.assetcatalog; path = Assets.xcassets; sourceTree = "<group>"; };
		EA3DC41F28352EA200F6FD19 /* Tickets.app */ = {isa = PBXFileReference; explicitFileType = wrapper.application; includeInIndex = 0; path = Tickets.app; sourceTree = BUILT_PRODUCTS_DIR; };
		EA3DC42528352EA200F6FD19 /* Tickets.app */ = {isa = PBXFileReference; explicitFileType = wrapper.application; includeInIndex = 0; path = Tickets.app; sourceTree = BUILT_PRODUCTS_DIR; };
		EA3DC42728352EA200F6FD19 /* macOS.entitlements */ = {isa = PBXFileReference; lastKnownFileType = text.plist.entitlements; path = macOS.entitlements; sourceTree = "<group>"; };
		EA3DC42C28352EA200F6FD19 /* Tests iOS.xctest */ = {isa = PBXFileReference; explicitFileType = wrapper.cfbundle; includeInIndex = 0; path = "Tests iOS.xctest"; sourceTree = BUILT_PRODUCTS_DIR; };
		EA3DC43028352EA200F6FD19 /* Tests_iOS.swift */ = {isa = PBXFileReference; lastKnownFileType = sourcecode.swift; path = Tests_iOS.swift; sourceTree = "<group>"; };
		EA3DC43228352EA200F6FD19 /* Tests_iOSLaunchTests.swift */ = {isa = PBXFileReference; lastKnownFileType = sourcecode.swift; path = Tests_iOSLaunchTests.swift; sourceTree = "<group>"; };
		EA3DC43828352EA200F6FD19 /* Tests macOS.xctest */ = {isa = PBXFileReference; explicitFileType = wrapper.cfbundle; includeInIndex = 0; path = "Tests macOS.xctest"; sourceTree = BUILT_PRODUCTS_DIR; };
		EA3DC43C28352EA200F6FD19 /* Tests_macOS.swift */ = {isa = PBXFileReference; lastKnownFileType = sourcecode.swift; path = Tests_macOS.swift; sourceTree = "<group>"; };
		EA3DC43E28352EA200F6FD19 /* Tests_macOSLaunchTests.swift */ = {isa = PBXFileReference; lastKnownFileType = sourcecode.swift; path = Tests_macOSLaunchTests.swift; sourceTree = "<group>"; };
/* End PBXFileReference section */

/* Begin PBXFrameworksBuildPhase section */
		EA3DC41C28352EA200F6FD19 /* Frameworks */ = {
			isa = PBXFrameworksBuildPhase;
			buildActionMask = 2147483647;
			files = (
			);
			runOnlyForDeploymentPostprocessing = 0;
		};
		EA3DC42228352EA200F6FD19 /* Frameworks */ = {
			isa = PBXFrameworksBuildPhase;
			buildActionMask = 2147483647;
			files = (
			);
			runOnlyForDeploymentPostprocessing = 0;
		};
		EA3DC42928352EA200F6FD19 /* Frameworks */ = {
			isa = PBXFrameworksBuildPhase;
			buildActionMask = 2147483647;
			files = (
			);
			runOnlyForDeploymentPostprocessing = 0;
		};
		EA3DC43528352EA200F6FD19 /* Frameworks */ = {
			isa = PBXFrameworksBuildPhase;
			buildActionMask = 2147483647;
			files = (
			);
			runOnlyForDeploymentPostprocessing = 0;
		};
/* End PBXFrameworksBuildPhase section */

/* Begin PBXGroup section */
		EA3DC40F28352EA100F6FD19 = {
			isa = PBXGroup;
			children = (
				EA3DC41428352EA100F6FD19 /* Shared */,
				EA3DC42628352EA200F6FD19 /* macOS */,
				EA3DC42F28352EA200F6FD19 /* Tests iOS */,
				EA3DC43B28352EA200F6FD19 /* Tests macOS */,
				EA3DC42028352EA200F6FD19 /* Products */,
			);
			sourceTree = "<group>";
		};
		EA3DC41428352EA100F6FD19 /* Shared */ = {
			isa = PBXGroup;
			children = (
				EA3DC41728352EA100F6FD19 /* TicketsApp.swift */,
				EA3DC41828352EA100F6FD19 /* ContentView.swift */,
				EA3DC41928352EA100F6FD19 /* Persistence.swift */,
				EA3DC41A28352EA200F6FD19 /* Assets.xcassets */,
				EA3DC41528352EA100F6FD19 /* Tickets.xcdatamodeld */,
			);
			path = Shared;
			sourceTree = "<group>";
		};
		EA3DC42028352EA200F6FD19 /* Products */ = {
			isa = PBXGroup;
			children = (
				EA3DC41F28352EA200F6FD19 /* Tickets.app */,
				EA3DC42528352EA200F6FD19 /* Tickets.app */,
				EA3DC42C28352EA200F6FD19 /* Tests iOS.xctest */,
				EA3DC43828352EA200F6FD19 /* Tests macOS.xctest */,
			);
			name = Products;
			sourceTree = "<group>";
		};
		EA3DC42628352EA200F6FD19 /* macOS */ = {
			isa = PBXGroup;
			children = (
				EA3DC42728352EA200F6FD19 /* macOS.entitlements */,
			);
			path = macOS;
			sourceTree = "<group>";
		};
		EA3DC42F28352EA200F6FD19 /* Tests iOS */ = {
			isa = PBXGroup;
			children = (
				EA3DC43028352EA200F6FD19 /* Tests_iOS.swift */,
				EA3DC43228352EA200F6FD19 /* Tests_iOSLaunchTests.swift */,
			);
			path = "Tests iOS";
			sourceTree = "<group>";
		};
		EA3DC43B28352EA200F6FD19 /* Tests macOS */ = {
			isa = PBXGroup;
			children = (
				EA3DC43C28352EA200F6FD19 /* Tests_macOS.swift */,
				EA3DC43E28352EA200F6FD19 /* Tests_macOSLaunchTests.swift */,
			);
			path = "Tests macOS";
			sourceTree = "<group>";
		};
/* End PBXGroup section */

/* Begin PBXNativeTarget section */
		EA3DC41E28352EA200F6FD19 /* Tickets (iOS) */ = {
			isa = PBXNativeTarget;
			buildConfigurationList = EA3DC44C28352EA200F6FD19 /* Build configuration list for PBXNativeTarget "Tickets (iOS)" */;
			buildPhases = (
				EA3DC41B28352EA200F6FD19 /* Sources */,
				EA3DC41C28352EA200F6FD19 /* Frameworks */,
				EA3DC41D28352EA200F6FD19 /* Resources */,
			);
			buildRules = (
			);
			dependencies = (
			);
			name = "Tickets (iOS)";
			productName = "Tickets (iOS)";
			productReference = EA3DC41F28352EA200F6FD19 /* Tickets.app */;
			productType = "com.apple.product-type.application";
		};
		EA3DC42428352EA200F6FD19 /* Tickets (macOS) */ = {
			isa = PBXNativeTarget;
			buildConfigurationList = EA3DC44F28352EA200F6FD19 /* Build configuration list for PBXNativeTarget "Tickets (macOS)" */;
			buildPhases = (
				EA3DC42128352EA200F6FD19 /* Sources */,
				EA3DC42228352EA200F6FD19 /* Frameworks */,
				EA3DC42328352EA200F6FD19 /* Resources */,
			);
			buildRules = (
			);
			dependencies = (
			);
			name = "Tickets (macOS)";
			productName = "Tickets (macOS)";
			productReference = EA3DC42528352EA200F6FD19 /* Tickets.app */;
			productType = "com.apple.product-type.application";
		};
		EA3DC42B28352EA200F6FD19 /* Tests iOS */ = {
			isa = PBXNativeTarget;
			buildConfigurationList = EA3DC45228352EA200F6FD19 /* Build configuration list for PBXNativeTarget "Tests iOS" */;
			buildPhases = (
				EA3DC42828352EA200F6FD19 /* Sources */,
				EA3DC42928352EA200F6FD19 /* Frameworks */,
				EA3DC42A28352EA200F6FD19 /* Resources */,
			);
			buildRules = (
			);
			dependencies = (
				EA3DC42E28352EA200F6FD19 /* PBXTargetDependency */,
			);
			name = "Tests iOS";
			productName = "Tests iOS";
			productReference = EA3DC42C28352EA200F6FD19 /* Tests iOS.xctest */;
			productType = "com.apple.product-type.bundle.ui-testing";
		};
		EA3DC43728352EA200F6FD19 /* Tests macOS */ = {
			isa = PBXNativeTarget;
			buildConfigurationList = EA3DC45528352EA200F6FD19 /* Build configuration list for PBXNativeTarget "Tests macOS" */;
			buildPhases = (
				EA3DC43428352EA200F6FD19 /* Sources */,
				EA3DC43528352EA200F6FD19 /* Frameworks */,
				EA3DC43628352EA200F6FD19 /* Resources */,
			);
			buildRules = (
			);
			dependencies = (
				EA3DC43A28352EA200F6FD19 /* PBXTargetDependency */,
			);
			name = "Tests macOS";
			productName = "Tests macOS";
			productReference = EA3DC43828352EA200F6FD19 /* Tests macOS.xctest */;
			productType = "com.apple.product-type.bundle.ui-testing";
		};
/* End PBXNativeTarget section */

/* Begin PBXProject section */
		EA3DC41028352EA100F6FD19 /* Project object */ = {
			isa = PBXProject;
			attributes = {
				BuildIndependentTargetsInParallel = 1;
				LastSwiftUpdateCheck = 1340;
				LastUpgradeCheck = 1340;
				TargetAttributes = {
					EA3DC41E28352EA200F6FD19 = {
						CreatedOnToolsVersion = 13.4;
					};
					EA3DC42428352EA200F6FD19 = {
						CreatedOnToolsVersion = 13.4;
					};
					EA3DC42B28352EA200F6FD19 = {
						CreatedOnToolsVersion = 13.4;
						TestTargetID = EA3DC41E28352EA200F6FD19;
					};
					EA3DC43728352EA200F6FD19 = {
						CreatedOnToolsVersion = 13.4;
						TestTargetID = EA3DC42428352EA200F6FD19;
					};
				};
			};
			buildConfigurationList = EA3DC41328352EA100F6FD19 /* Build configuration list for PBXProject "Tickets" */;
			compatibilityVersion = "Xcode 13.0";
			developmentRegion = en;
			hasScannedForEncodings = 0;
			knownRegions = (
				en,
				Base,
			);
			mainGroup = EA3DC40F28352EA100F6FD19;
			productRefGroup = EA3DC42028352EA200F6FD19 /* Products */;
			projectDirPath = "";
			projectRoot = "";
			targets = (
				EA3DC41E28352EA200F6FD19 /* Tickets (iOS) */,
				EA3DC42428352EA200F6FD19 /* Tickets (macOS) */,
				EA3DC42B28352EA200F6FD19 /* Tests iOS */,
				EA3DC43728352EA200F6FD19 /* Tests macOS */,
			);
		};
/* End PBXProject section */

/* Begin PBXResourcesBuildPhase section */
		EA3DC41D28352EA200F6FD19 /* Resources */ = {
			isa = PBXResourcesBuildPhase;
			buildActionMask = 2147483647;
			files = (
				EA3DC44828352EA200F6FD19 /* Assets.xcassets in Resources */,
			);
			runOnlyForDeploymentPostprocessing = 0;
		};
		EA3DC42328352EA200F6FD19 /* Resources */ = {
			isa = PBXResourcesBuildPhase;
			buildActionMask = 2147483647;
			files = (
				EA3DC44928352EA200F6FD19 /* Assets.xcassets in Resources */,
			);
			runOnlyForDeploymentPostprocessing = 0;
		};
		EA3DC42A28352EA200F6FD19 /* Resources */ = {
			isa = PBXResourcesBuildPhase;
			buildActionMask = 2147483647;
			files = (
			);
			runOnlyForDeploymentPostprocessing = 0;
		};
		EA3DC43628352EA200F6FD19 /* Resources */ = {
			isa = PBXResourcesBuildPhase;
			buildActionMask = 2147483647;
			files = (
			);
			runOnlyForDeploymentPostprocessing = 0;
		};
/* End PBXResourcesBuildPhase section */

/* Begin PBXSourcesBuildPhase section */
		EA3DC41B28352EA200F6FD19 /* Sources */ = {
			isa = PBXSourcesBuildPhase;
			buildActionMask = 2147483647;
			files = (
				EA3DC44028352EA200F6FD19 /* Tickets.xcdatamodeld in Sources */,
				EA3DC44628352EA200F6FD19 /* Persistence.swift in Sources */,
				EA3DC44228352EA200F6FD19 /* TicketsApp.swift in Sources */,
				EA3DC44428352EA200F6FD19 /* ContentView.swift in Sources */,
			);
			runOnlyForDeploymentPostprocessing = 0;
		};
		EA3DC42128352EA200F6FD19 /* Sources */ = {
			isa = PBXSourcesBuildPhase;
			buildActionMask = 2147483647;
			files = (
				EA3DC44128352EA200F6FD19 /* Tickets.xcdatamodeld in Sources */,
				EA3DC44728352EA200F6FD19 /* Persistence.swift in Sources */,
				EA3DC44328352EA200F6FD19 /* TicketsApp.swift in Sources */,
				EA3DC44528352EA200F6FD19 /* ContentView.swift in Sources */,
			);
			runOnlyForDeploymentPostprocessing = 0;
		};
		EA3DC42828352EA200F6FD19 /* Sources */ = {
			isa = PBXSourcesBuildPhase;
			buildActionMask = 2147483647;
			files = (
				EA3DC43328352EA200F6FD19 /* Tests_iOSLaunchTests.swift in Sources */,
				EA3DC43128352EA200F6FD19 /* Tests_iOS.swift in Sources */,
			);
			runOnlyForDeploymentPostprocessing = 0;
		};
		EA3DC43428352EA200F6FD19 /* Sources */ = {
			isa = PBXSourcesBuildPhase;
			buildActionMask = 2147483647;
			files = (
				EA3DC43F28352EA200F6FD19 /* Tests_macOSLaunchTests.swift in Sources */,
				EA3DC43D28352EA200F6FD19 /* Tests_macOS.swift in Sources */,
			);
			runOnlyForDeploymentPostprocessing = 0;
		};
/* End PBXSourcesBuildPhase section */

/* Begin PBXTargetDependency section */
		EA3DC42E28352EA200F6FD19 /* PBXTargetDependency */ = {
			isa = PBXTargetDependency;
			target = EA3DC41E28352EA200F6FD19 /* Tickets (iOS) */;
			targetProxy = EA3DC42D28352EA200F6FD19 /* PBXContainerItemProxy */;
		};
		EA3DC43A28352EA200F6FD19 /* PBXTargetDependency */ = {
			isa = PBXTargetDependency;
			target = EA3DC42428352EA200F6FD19 /* Tickets (macOS) */;
			targetProxy = EA3DC43928352EA200F6FD19 /* PBXContainerItemProxy */;
		};
/* End PBXTargetDependency section */

/* Begin XCBuildConfiguration section */
		EA3DC44A28352EA200F6FD19 /* Debug */ = {
			isa = XCBuildConfiguration;
			buildSettings = {
				ALWAYS_SEARCH_USER_PATHS = NO;
				CLANG_ANALYZER_NONNULL = YES;
				CLANG_ANALYZER_NUMBER_OBJECT_CONVERSION = YES_AGGRESSIVE;
				CLANG_CXX_LANGUAGE_STANDARD = "gnu++17";
				CLANG_ENABLE_MODULES = YES;
				CLANG_ENABLE_OBJC_ARC = YES;
				CLANG_ENABLE_OBJC_WEAK = YES;
				CLANG_WARN_BLOCK_CAPTURE_AUTORELEASING = YES;
				CLANG_WARN_BOOL_CONVERSION = YES;
				CLANG_WARN_COMMA = YES;
				CLANG_WARN_CONSTANT_CONVERSION = YES;
				CLANG_WARN_DEPRECATED_OBJC_IMPLEMENTATIONS = YES;
				CLANG_WARN_DIRECT_OBJC_ISA_USAGE = YES_ERROR;
				CLANG_WARN_DOCUMENTATION_COMMENTS = YES;
				CLANG_WARN_EMPTY_BODY = YES;
				CLANG_WARN_ENUM_CONVERSION = YES;
				CLANG_WARN_INFINITE_RECURSION = YES;
				CLANG_WARN_INT_CONVERSION = YES;
				CLANG_WARN_NON_LITERAL_NULL_CONVERSION = YES;
				CLANG_WARN_OBJC_IMPLICIT_RETAIN_SELF = YES;
				CLANG_WARN_OBJC_LITERAL_CONVERSION = YES;
				CLANG_WARN_OBJC_ROOT_CLASS = YES_ERROR;
				CLANG_WARN_QUOTED_INCLUDE_IN_FRAMEWORK_HEADER = YES;
				CLANG_WARN_RANGE_LOOP_ANALYSIS = YES;
				CLANG_WARN_STRICT_PROTOTYPES = YES;
				CLANG_WARN_SUSPICIOUS_MOVE = YES;
				CLANG_WARN_UNGUARDED_AVAILABILITY = YES_AGGRESSIVE;
				CLANG_WARN_UNREACHABLE_CODE = YES;
				CLANG_WARN__DUPLICATE_METHOD_MATCH = YES;
				COPY_PHASE_STRIP = NO;
				DEBUG_INFORMATION_FORMAT = dwarf;
				ENABLE_STRICT_OBJC_MSGSEND = YES;
				ENABLE_TESTABILITY = YES;
				GCC_C_LANGUAGE_STANDARD = gnu11;
				GCC_DYNAMIC_NO_PIC = NO;
				GCC_NO_COMMON_BLOCKS = YES;
				GCC_OPTIMIZATION_LEVEL = 0;
				GCC_PREPROCESSOR_DEFINITIONS = (
					"DEBUG=1",
					"$(inherited)",
				);
				GCC_WARN_64_TO_32_BIT_CONVERSION = YES;
				GCC_WARN_ABOUT_RETURN_TYPE = YES_ERROR;
				GCC_WARN_UNDECLARED_SELECTOR = YES;
				GCC_WARN_UNINITIALIZED_AUTOS = YES_AGGRESSIVE;
				GCC_WARN_UNUSED_FUNCTION = YES;
				GCC_WARN_UNUSED_VARIABLE = YES;
				MTL_ENABLE_DEBUG_INFO = INCLUDE_SOURCE;
				MTL_FAST_MATH = YES;
				ONLY_ACTIVE_ARCH = YES;
				SWIFT_ACTIVE_COMPILATION_CONDITIONS = DEBUG;
				SWIFT_OPTIMIZATION_LEVEL = "-Onone";
			};
			name = Debug;
		};
		EA3DC44B28352EA200F6FD19 /* Release */ = {
			isa = XCBuildConfiguration;
			buildSettings = {
				ALWAYS_SEARCH_USER_PATHS = NO;
				CLANG_ANALYZER_NONNULL = YES;
				CLANG_ANALYZER_NUMBER_OBJECT_CONVERSION = YES_AGGRESSIVE;
				CLANG_CXX_LANGUAGE_STANDARD = "gnu++17";
				CLANG_ENABLE_MODULES = YES;
				CLANG_ENABLE_OBJC_ARC = YES;
				CLANG_ENABLE_OBJC_WEAK = YES;
				CLANG_WARN_BLOCK_CAPTURE_AUTORELEASING = YES;
				CLANG_WARN_BOOL_CONVERSION = YES;
				CLANG_WARN_COMMA = YES;
				CLANG_WARN_CONSTANT_CONVERSION = YES;
				CLANG_WARN_DEPRECATED_OBJC_IMPLEMENTATIONS = YES;
				CLANG_WARN_DIRECT_OBJC_ISA_USAGE = YES_ERROR;
				CLANG_WARN_DOCUMENTATION_COMMENTS = YES;
				CLANG_WARN_EMPTY_BODY = YES;
				CLANG_WARN_ENUM_CONVERSION = YES;
				CLANG_WARN_INFINITE_RECURSION = YES;
				CLANG_WARN_INT_CONVERSION = YES;
				CLANG_WARN_NON_LITERAL_NULL_CONVERSION = YES;
				CLANG_WARN_OBJC_IMPLICIT_RETAIN_SELF = YES;
				CLANG_WARN_OBJC_LITERAL_CONVERSION = YES;
				CLANG_WARN_OBJC_ROOT_CLASS = YES_ERROR;
				CLANG_WARN_QUOTED_INCLUDE_IN_FRAMEWORK_HEADER = YES;
				CLANG_WARN_RANGE_LOOP_ANALYSIS = YES;
				CLANG_WARN_STRICT_PROTOTYPES = YES;
				CLANG_WARN_SUSPICIOUS_MOVE = YES;
				CLANG_WARN_UNGUARDED_AVAILABILITY = YES_AGGRESSIVE;
				CLANG_WARN_UNREACHABLE_CODE = YES;
				CLANG_WARN__DUPLICATE_METHOD_MATCH = YES;
				COPY_PHASE_STRIP = NO;
				DEBUG_INFORMATION_FORMAT = "dwarf-with-dsym";
				ENABLE_NS_ASSERTIONS = NO;
				ENABLE_STRICT_OBJC_MSGSEND = YES;
				GCC_C_LANGUAGE_STANDARD = gnu11;
				GCC_NO_COMMON_BLOCKS = YES;
				GCC_WARN_64_TO_32_BIT_CONVERSION = YES;
				GCC_WARN_ABOUT_RETURN_TYPE = YES_ERROR;
				GCC_WARN_UNDECLARED_SELECTOR = YES;
				GCC_WARN_UNINITIALIZED_AUTOS = YES_AGGRESSIVE;
				GCC_WARN_UNUSED_FUNCTION = YES;
				GCC_WARN_UNUSED_VARIABLE = YES;
				MTL_ENABLE_DEBUG_INFO = NO;
				MTL_FAST_MATH = YES;
				SWIFT_COMPILATION_MODE = wholemodule;
				SWIFT_OPTIMIZATION_LEVEL = "-O";
			};
			name = Release;
		};
		EA3DC44D28352EA200F6FD19 /* Debug */ = {
			isa = XCBuildConfiguration;
			buildSettings = {
				ASSETCATALOG_COMPILER_APPICON_NAME = AppIcon;
				ASSETCATALOG_COMPILER_GLOBAL_ACCENT_COLOR_NAME = AccentColor;
				CODE_SIGN_STYLE = Automatic;
				CURRENT_PROJECT_VERSION = 1;
				DEVELOPMENT_TEAM = X3YQMW7J98;
				ENABLE_PREVIEWS = YES;
				GENERATE_INFOPLIST_FILE = YES;
				INFOPLIST_KEY_UIApplicationSceneManifest_Generation = YES;
				INFOPLIST_KEY_UIApplicationSupportsIndirectInputEvents = YES;
				INFOPLIST_KEY_UILaunchScreen_Generation = YES;
				INFOPLIST_KEY_UISupportedInterfaceOrientations_iPad = "UIInterfaceOrientationPortrait UIInterfaceOrientationPortraitUpsideDown UIInterfaceOrientationLandscapeLeft UIInterfaceOrientationLandscapeRight";
				INFOPLIST_KEY_UISupportedInterfaceOrientations_iPhone = "UIInterfaceOrientationPortrait UIInterfaceOrientationLandscapeLeft UIInterfaceOrientationLandscapeRight";
				IPHONEOS_DEPLOYMENT_TARGET = 15.5;
				LD_RUNPATH_SEARCH_PATHS = (
					"$(inherited)",
					"@executable_path/Frameworks",
				);
				MARKETING_VERSION = 1.0;
				PRODUCT_BUNDLE_IDENTIFIER = rs.alienlabs.Tickets;
				PRODUCT_NAME = Tickets;
				SDKROOT = iphoneos;
				SWIFT_EMIT_LOC_STRINGS = YES;
				SWIFT_VERSION = 5.0;
				TARGETED_DEVICE_FAMILY = "1,2";
			};
			name = Debug;
		};
		EA3DC44E28352EA200F6FD19 /* Release */ = {
			isa = XCBuildConfiguration;
			buildSettings = {
				ASSETCATALOG_COMPILER_APPICON_NAME = AppIcon;
				ASSETCATALOG_COMPILER_GLOBAL_ACCENT_COLOR_NAME = AccentColor;
				CODE_SIGN_STYLE = Automatic;
				CURRENT_PROJECT_VERSION = 1;
				DEVELOPMENT_TEAM = X3YQMW7J98;
				ENABLE_PREVIEWS = YES;
				GENERATE_INFOPLIST_FILE = YES;
				INFOPLIST_KEY_UIApplicationSceneManifest_Generation = YES;
				INFOPLIST_KEY_UIApplicationSupportsIndirectInputEvents = YES;
				INFOPLIST_KEY_UILaunchScreen_Generation = YES;
				INFOPLIST_KEY_UISupportedInterfaceOrientations_iPad = "UIInterfaceOrientationPortrait UIInterfaceOrientationPortraitUpsideDown UIInterfaceOrientationLandscapeLeft UIInterfaceOrientationLandscapeRight";
				INFOPLIST_KEY_UISupportedInterfaceOrientations_iPhone = "UIInterfaceOrientationPortrait UIInterfaceOrientationLandscapeLeft UIInterfaceOrientationLandscapeRight";
				IPHONEOS_DEPLOYMENT_TARGET = 15.5;
				LD_RUNPATH_SEARCH_PATHS = (
					"$(inherited)",
					"@executable_path/Frameworks",
				);
				MARKETING_VERSION = 1.0;
				PRODUCT_BUNDLE_IDENTIFIER = rs.alienlabs.Tickets;
				PRODUCT_NAME = Tickets;
				SDKROOT = iphoneos;
				SWIFT_EMIT_LOC_STRINGS = YES;
				SWIFT_VERSION = 5.0;
				TARGETED_DEVICE_FAMILY = "1,2";
				VALIDATE_PRODUCT = YES;
			};
			name = Release;
		};
		EA3DC45028352EA200F6FD19 /* Debug */ = {
			isa = XCBuildConfiguration;
			buildSettings = {
				ASSETCATALOG_COMPILER_APPICON_NAME = AppIcon;
				ASSETCATALOG_COMPILER_GLOBAL_ACCENT_COLOR_NAME = AccentColor;
				CODE_SIGN_ENTITLEMENTS = macOS/macOS.entitlements;
				CODE_SIGN_STYLE = Automatic;
				COMBINE_HIDPI_IMAGES = YES;
				CURRENT_PROJECT_VERSION = 1;
				DEVELOPMENT_TEAM = X3YQMW7J98;
				ENABLE_HARDENED_RUNTIME = YES;
				ENABLE_PREVIEWS = YES;
				GENERATE_INFOPLIST_FILE = YES;
				INFOPLIST_KEY_NSHumanReadableCopyright = "";
				LD_RUNPATH_SEARCH_PATHS = (
					"$(inherited)",
					"@executable_path/../Frameworks",
				);
				MACOSX_DEPLOYMENT_TARGET = 12.3;
				MARKETING_VERSION = 1.0;
				PRODUCT_BUNDLE_IDENTIFIER = rs.alienlabs.Tickets;
				PRODUCT_NAME = Tickets;
				SDKROOT = macosx;
				SWIFT_EMIT_LOC_STRINGS = YES;
				SWIFT_VERSION = 5.0;
			};
			name = Debug;
		};
		EA3DC45128352EA200F6FD19 /* Release */ = {
			isa = XCBuildConfiguration;
			buildSettings = {
				ASSETCATALOG_COMPILER_APPICON_NAME = AppIcon;
				ASSETCATALOG_COMPILER_GLOBAL_ACCENT_COLOR_NAME = AccentColor;
				CODE_SIGN_ENTITLEMENTS = macOS/macOS.entitlements;
				CODE_SIGN_STYLE = Automatic;
				COMBINE_HIDPI_IMAGES = YES;
				CURRENT_PROJECT_VERSION = 1;
				DEVELOPMENT_TEAM = X3YQMW7J98;
				ENABLE_HARDENED_RUNTIME = YES;
				ENABLE_PREVIEWS = YES;
				GENERATE_INFOPLIST_FILE = YES;
				INFOPLIST_KEY_NSHumanReadableCopyright = "";
				LD_RUNPATH_SEARCH_PATHS = (
					"$(inherited)",
					"@executable_path/../Frameworks",
				);
				MACOSX_DEPLOYMENT_TARGET = 12.3;
				MARKETING_VERSION = 1.0;
				PRODUCT_BUNDLE_IDENTIFIER = rs.alienlabs.Tickets;
				PRODUCT_NAME = Tickets;
				SDKROOT = macosx;
				SWIFT_EMIT_LOC_STRINGS = YES;
				SWIFT_VERSION = 5.0;
			};
			name = Release;
		};
		EA3DC45328352EA200F6FD19 /* Debug */ = {
			isa = XCBuildConfiguration;
			buildSettings = {
				ALWAYS_EMBED_SWIFT_STANDARD_LIBRARIES = YES;
				CODE_SIGN_STYLE = Automatic;
				CURRENT_PROJECT_VERSION = 1;
				DEVELOPMENT_TEAM = X3YQMW7J98;
				GENERATE_INFOPLIST_FILE = YES;
				IPHONEOS_DEPLOYMENT_TARGET = 15.5;
				MARKETING_VERSION = 1.0;
				PRODUCT_BUNDLE_IDENTIFIER = "rs.alienlabs.Tests-iOS";
				PRODUCT_NAME = "$(TARGET_NAME)";
				SDKROOT = iphoneos;
				SWIFT_EMIT_LOC_STRINGS = NO;
				SWIFT_VERSION = 5.0;
				TARGETED_DEVICE_FAMILY = "1,2";
				TEST_TARGET_NAME = "Tickets (iOS)";
			};
			name = Debug;
		};
		EA3DC45428352EA200F6FD19 /* Release */ = {
			isa = XCBuildConfiguration;
			buildSettings = {
				ALWAYS_EMBED_SWIFT_STANDARD_LIBRARIES = YES;
				CODE_SIGN_STYLE = Automatic;
				CURRENT_PROJECT_VERSION = 1;
				DEVELOPMENT_TEAM = X3YQMW7J98;
				GENERATE_INFOPLIST_FILE = YES;
				IPHONEOS_DEPLOYMENT_TARGET = 15.5;
				MARKETING_VERSION = 1.0;
				PRODUCT_BUNDLE_IDENTIFIER = "rs.alienlabs.Tests-iOS";
				PRODUCT_NAME = "$(TARGET_NAME)";
				SDKROOT = iphoneos;
				SWIFT_EMIT_LOC_STRINGS = NO;
				SWIFT_VERSION = 5.0;
				TARGETED_DEVICE_FAMILY = "1,2";
				TEST_TARGET_NAME = "Tickets (iOS)";
				VALIDATE_PRODUCT = YES;
			};
			name = Release;
		};
		EA3DC45628352EA200F6FD19 /* Debug */ = {
			isa = XCBuildConfiguration;
			buildSettings = {
				ALWAYS_EMBED_SWIFT_STANDARD_LIBRARIES = YES;
				CODE_SIGN_STYLE = Automatic;
				CURRENT_PROJECT_VERSION = 1;
				DEVELOPMENT_TEAM = X3YQMW7J98;
				GENERATE_INFOPLIST_FILE = YES;
				MACOSX_DEPLOYMENT_TARGET = 12.3;
				MARKETING_VERSION = 1.0;
				PRODUCT_BUNDLE_IDENTIFIER = "rs.alienlabs.Tests-macOS";
				PRODUCT_NAME = "$(TARGET_NAME)";
				SDKROOT = macosx;
				SWIFT_EMIT_LOC_STRINGS = NO;
				SWIFT_VERSION = 5.0;
				TEST_TARGET_NAME = "Tickets (macOS)";
			};
			name = Debug;
		};
		EA3DC45728352EA200F6FD19 /* Release */ = {
			isa = XCBuildConfiguration;
			buildSettings = {
				ALWAYS_EMBED_SWIFT_STANDARD_LIBRARIES = YES;
				CODE_SIGN_STYLE = Automatic;
				CURRENT_PROJECT_VERSION = 1;
				DEVELOPMENT_TEAM = X3YQMW7J98;
				GENERATE_INFOPLIST_FILE = YES;
				MACOSX_DEPLOYMENT_TARGET = 12.3;
				MARKETING_VERSION = 1.0;
				PRODUCT_BUNDLE_IDENTIFIER = "rs.alienlabs.Tests-macOS";
				PRODUCT_NAME = "$(TARGET_NAME)";
				SDKROOT = macosx;
				SWIFT_EMIT_LOC_STRINGS = NO;
				SWIFT_VERSION = 5.0;
				TEST_TARGET_NAME = "Tickets (macOS)";
			};
			name = Release;
		};
/* End XCBuildConfiguration section */

/* Begin XCConfigurationList section */
		EA3DC41328352EA100F6FD19 /* Build configuration list for PBXProject "Tickets" */ = {
			isa = XCConfigurationList;
			buildConfigurations = (
				EA3DC44A28352EA200F6FD19 /* Debug */,
				EA3DC44B28352EA200F6FD19 /* Release */,
			);
			defaultConfigurationIsVisible = 0;
			defaultConfigurationName = Release;
		};
		EA3DC44C28352EA200F6FD19 /* Build configuration list for PBXNativeTarget "Tickets (iOS)" */ = {
			isa = XCConfigurationList;
			buildConfigurations = (
				EA3DC44D28352EA200F6FD19 /* Debug */,
				EA3DC44E28352EA200F6FD19 /* Release */,
			);
			defaultConfigurationIsVisible = 0;
			defaultConfigurationName = Release;
		};
		EA3DC44F28352EA200F6FD19 /* Build configuration list for PBXNativeTarget "Tickets (macOS)" */ = {
			isa = XCConfigurationList;
			buildConfigurations = (
				EA3DC45028352EA200F6FD19 /* Debug */,
				EA3DC45128352EA200F6FD19 /* Release */,
			);
			defaultConfigurationIsVisible = 0;
			defaultConfigurationName = Release;
		};
		EA3DC45228352EA200F6FD19 /* Build configuration list for PBXNativeTarget "Tests iOS" */ = {
			isa = XCConfigurationList;
			buildConfigurations = (
				EA3DC45328352EA200F6FD19 /* Debug */,
				EA3DC45428352EA200F6FD19 /* Release */,
			);
			defaultConfigurationIsVisible = 0;
			defaultConfigurationName = Release;
		};
		EA3DC45528352EA200F6FD19 /* Build configuration list for PBXNativeTarget "Tests macOS" */ = {
			isa = XCConfigurationList;
			buildConfigurations = (
				EA3DC45628352EA200F6FD19 /* Debug */,
				EA3DC45728352EA200F6FD19 /* Release */,
			);
			defaultConfigurationIsVisible = 0;
			defaultConfigurationName = Release;
		};
/* End XCConfigurationList section */

/* Begin XCVersionGroup section */
		EA3DC41528352EA100F6FD19 /* Tickets.xcdatamodeld */ = {
			isa = XCVersionGroup;
			children = (
				EA3DC41628352EA100F6FD19 /* Shared.xcdatamodel */,
			);
			currentVersion = EA3DC41628352EA100F6FD19 /* Shared.xcdatamodel */;
			path = Tickets.xcdatamodeld;
			sourceTree = "<group>";
			versionGroupType = wrapper.xcdatamodel;
		};
/* End XCVersionGroup section */
	};
	rootObject = EA3DC41028352EA100F6FD19 /* Project object */;
}
